// !$*UTF8*$!
{
	archiveVersion = 1;
	classes = {
	};
	objectVersion = 56;
	objects = {

/* Begin PBXBuildFile section */
		CA0E5D832B9A38870013AA83 /* GoogleService-Info.plist in Resources */ = {isa = PBXBuildFile; fileRef = CA0E5D822B9A38870013AA83 /* GoogleService-Info.plist */; };
		CA0E5D862B9A39780013AA83 /* FirebaseAnalytics in Frameworks */ = {isa = PBXBuildFile; productRef = CA0E5D852B9A39780013AA83 /* FirebaseAnalytics */; };
		CA0E5D882B9A39780013AA83 /* FirebaseAnalyticsOnDeviceConversion in Frameworks */ = {isa = PBXBuildFile; productRef = CA0E5D872B9A39780013AA83 /* FirebaseAnalyticsOnDeviceConversion */; };
		CA0E5D8A2B9A39780013AA83 /* FirebaseAnalyticsSwift in Frameworks */ = {isa = PBXBuildFile; productRef = CA0E5D892B9A39780013AA83 /* FirebaseAnalyticsSwift */; };
		CA0E5D8C2B9A39780013AA83 /* FirebaseAnalyticsWithoutAdIdSupport in Frameworks */ = {isa = PBXBuildFile; productRef = CA0E5D8B2B9A39780013AA83 /* FirebaseAnalyticsWithoutAdIdSupport */; };
		CA0E5D8E2B9A39780013AA83 /* FirebaseAppCheck in Frameworks */ = {isa = PBXBuildFile; productRef = CA0E5D8D2B9A39780013AA83 /* FirebaseAppCheck */; };
		CA0E5D902B9A39780013AA83 /* FirebaseAppDistribution-Beta in Frameworks */ = {isa = PBXBuildFile; productRef = CA0E5D8F2B9A39780013AA83 /* FirebaseAppDistribution-Beta */; };
		CA0E5D922B9A39780013AA83 /* FirebaseAuth in Frameworks */ = {isa = PBXBuildFile; productRef = CA0E5D912B9A39780013AA83 /* FirebaseAuth */; };
		CA0E5D942B9A39780013AA83 /* FirebaseAuthCombine-Community in Frameworks */ = {isa = PBXBuildFile; productRef = CA0E5D932B9A39780013AA83 /* FirebaseAuthCombine-Community */; };
		CA0E5D962B9A39780013AA83 /* FirebaseCrashlytics in Frameworks */ = {isa = PBXBuildFile; productRef = CA0E5D952B9A39780013AA83 /* FirebaseCrashlytics */; };
		CA0E5D982B9A39780013AA83 /* FirebaseDatabase in Frameworks */ = {isa = PBXBuildFile; productRef = CA0E5D972B9A39780013AA83 /* FirebaseDatabase */; };
		CA0E5D9A2B9A39780013AA83 /* FirebaseDatabaseSwift in Frameworks */ = {isa = PBXBuildFile; productRef = CA0E5D992B9A39780013AA83 /* FirebaseDatabaseSwift */; };
		CA0E5D9C2B9A39780013AA83 /* FirebaseDynamicLinks in Frameworks */ = {isa = PBXBuildFile; productRef = CA0E5D9B2B9A39780013AA83 /* FirebaseDynamicLinks */; };
		CA0E5D9E2B9A39780013AA83 /* FirebaseFirestore in Frameworks */ = {isa = PBXBuildFile; productRef = CA0E5D9D2B9A39780013AA83 /* FirebaseFirestore */; };
		CA0E5DA02B9A39780013AA83 /* FirebaseFirestoreCombine-Community in Frameworks */ = {isa = PBXBuildFile; productRef = CA0E5D9F2B9A39780013AA83 /* FirebaseFirestoreCombine-Community */; };
		CA0E5DA22B9A39780013AA83 /* FirebaseFirestoreSwift in Frameworks */ = {isa = PBXBuildFile; productRef = CA0E5DA12B9A39780013AA83 /* FirebaseFirestoreSwift */; };
		CA0E5DA42B9A39780013AA83 /* FirebaseFunctions in Frameworks */ = {isa = PBXBuildFile; productRef = CA0E5DA32B9A39780013AA83 /* FirebaseFunctions */; };
		CA0E5DA62B9A39780013AA83 /* FirebaseFunctionsCombine-Community in Frameworks */ = {isa = PBXBuildFile; productRef = CA0E5DA52B9A39780013AA83 /* FirebaseFunctionsCombine-Community */; };
		CA0E5DA82B9A39780013AA83 /* FirebaseInAppMessaging-Beta in Frameworks */ = {isa = PBXBuildFile; productRef = CA0E5DA72B9A39780013AA83 /* FirebaseInAppMessaging-Beta */; };
		CA0E5DAA2B9A39780013AA83 /* FirebaseInAppMessagingSwift-Beta in Frameworks */ = {isa = PBXBuildFile; productRef = CA0E5DA92B9A39780013AA83 /* FirebaseInAppMessagingSwift-Beta */; };
		CA0E5DAC2B9A39780013AA83 /* FirebaseInstallations in Frameworks */ = {isa = PBXBuildFile; productRef = CA0E5DAB2B9A39780013AA83 /* FirebaseInstallations */; };
		CA0E5DAE2B9A39780013AA83 /* FirebaseMLModelDownloader in Frameworks */ = {isa = PBXBuildFile; productRef = CA0E5DAD2B9A39780013AA83 /* FirebaseMLModelDownloader */; };
		CA0E5DB02B9A39780013AA83 /* FirebaseMessaging in Frameworks */ = {isa = PBXBuildFile; productRef = CA0E5DAF2B9A39780013AA83 /* FirebaseMessaging */; };
		CA0E5DB22B9A39780013AA83 /* FirebasePerformance in Frameworks */ = {isa = PBXBuildFile; productRef = CA0E5DB12B9A39780013AA83 /* FirebasePerformance */; };
		CA0E5DB42B9A39780013AA83 /* FirebaseRemoteConfig in Frameworks */ = {isa = PBXBuildFile; productRef = CA0E5DB32B9A39780013AA83 /* FirebaseRemoteConfig */; };
		CA0E5DB62B9A39780013AA83 /* FirebaseRemoteConfigSwift in Frameworks */ = {isa = PBXBuildFile; productRef = CA0E5DB52B9A39780013AA83 /* FirebaseRemoteConfigSwift */; };
		CA0E5DB82B9A39780013AA83 /* FirebaseStorage in Frameworks */ = {isa = PBXBuildFile; productRef = CA0E5DB72B9A39780013AA83 /* FirebaseStorage */; };
		CA0E5DBA2B9A39780013AA83 /* FirebaseStorageCombine-Community in Frameworks */ = {isa = PBXBuildFile; productRef = CA0E5DB92B9A39780013AA83 /* FirebaseStorageCombine-Community */; };
		CA0E5DBC2B9A5FFF0013AA83 /* GeoPoint.swift in Sources */ = {isa = PBXBuildFile; fileRef = CA0E5DBB2B9A5FFF0013AA83 /* GeoPoint.swift */; };
		CA0E5DBE2B9A8C9D0013AA83 /* OrderLoadingView.swift in Sources */ = {isa = PBXBuildFile; fileRef = CA0E5DBD2B9A8C9D0013AA83 /* OrderLoadingView.swift */; };
		CA0E5DC02B9A8D7E0013AA83 /* OrderAcceptedView.swift in Sources */ = {isa = PBXBuildFile; fileRef = CA0E5DBF2B9A8D7E0013AA83 /* OrderAcceptedView.swift */; };
		CA0E5DC22B9A95270013AA83 /* Spinner.swift in Sources */ = {isa = PBXBuildFile; fileRef = CA0E5DC12B9A95270013AA83 /* Spinner.swift */; };
		CA0E5DC42B9AEAF80013AA83 /* PrepaidLabelView.swift in Sources */ = {isa = PBXBuildFile; fileRef = CA0E5DC32B9AEAF80013AA83 /* PrepaidLabelView.swift */; };
		CA0E5DC72B9AFD6D0013AA83 /* ImagePicker.swift in Sources */ = {isa = PBXBuildFile; fileRef = CA0E5DC62B9AFD6D0013AA83 /* ImagePicker.swift */; };
		CA0E5DCB2B9B0A810013AA83 /* SelectedPrepaidOption.swift in Sources */ = {isa = PBXBuildFile; fileRef = CA0E5DCA2B9B0A810013AA83 /* SelectedPrepaidOption.swift */; };
		CA0E5DCF2B9BD5AB0013AA83 /* ImageUploader.swift in Sources */ = {isa = PBXBuildFile; fileRef = CA0E5DCE2B9BD5AB0013AA83 /* ImageUploader.swift */; };
		CA0E5E0D2B9D2C850013AA83 /* RegistrationViewDriver.swift in Sources */ = {isa = PBXBuildFile; fileRef = CA0E5E0C2B9D2C850013AA83 /* RegistrationViewDriver.swift */; };
		CAC1162B2B92A6D700690E6A /* DashDropApp.swift in Sources */ = {isa = PBXBuildFile; fileRef = CAC1162A2B92A6D700690E6A /* DashDropApp.swift */; };
		CAC1162F2B92A6D800690E6A /* Assets.xcassets in Resources */ = {isa = PBXBuildFile; fileRef = CAC1162E2B92A6D800690E6A /* Assets.xcassets */; };
		CAC116322B92A6D800690E6A /* Preview Assets.xcassets in Resources */ = {isa = PBXBuildFile; fileRef = CAC116312B92A6D800690E6A /* Preview Assets.xcassets */; };
		CAC116492B92A7B600690E6A /* MapViewRepresentable.swift in Sources */ = {isa = PBXBuildFile; fileRef = CAC116472B92A7B600690E6A /* MapViewRepresentable.swift */; };
		CAC1164A2B92A7B600690E6A /* HomeView.swift in Sources */ = {isa = PBXBuildFile; fileRef = CAC116482B92A7B600690E6A /* HomeView.swift */; };
		CAC1164C2B92A87900690E6A /* LocationManager.swift in Sources */ = {isa = PBXBuildFile; fileRef = CAC1164B2B92A87900690E6A /* LocationManager.swift */; };
		CAC116522B92B7A900690E6A /* LocationSearchActivationView.swift in Sources */ = {isa = PBXBuildFile; fileRef = CAC116512B92B7A900690E6A /* LocationSearchActivationView.swift */; };
		CAC116542B92B94900690E6A /* MapViewActionButton.swift in Sources */ = {isa = PBXBuildFile; fileRef = CAC116532B92B94900690E6A /* MapViewActionButton.swift */; };
		CAC116562B92BBD800690E6A /* LocationSearchView.swift in Sources */ = {isa = PBXBuildFile; fileRef = CAC116552B92BBD800690E6A /* LocationSearchView.swift */; };
		CAC116582B92BF1A00690E6A /* LocationSearchResultCell.swift in Sources */ = {isa = PBXBuildFile; fileRef = CAC116572B92BF1A00690E6A /* LocationSearchResultCell.swift */; };
		CAC1165A2B92C5A700690E6A /* LocationSearchViewModel.swift in Sources */ = {isa = PBXBuildFile; fileRef = CAC116592B92C5A700690E6A /* LocationSearchViewModel.swift */; };
		CAC1165C2B9315B500690E6A /* MapViewState.swift in Sources */ = {isa = PBXBuildFile; fileRef = CAC1165B2B9315B500690E6A /* MapViewState.swift */; };
		CAC1165F2B931F2D00690E6A /* OrderRequestView.swift in Sources */ = {isa = PBXBuildFile; fileRef = CAC1165E2B931F2D00690E6A /* OrderRequestView.swift */; };
		CAC116612B939AD600690E6A /* StoreType.swift in Sources */ = {isa = PBXBuildFile; fileRef = CAC116602B939AD600690E6A /* StoreType.swift */; };
		CAC116632B93A11800690E6A /* PackageType.swift in Sources */ = {isa = PBXBuildFile; fileRef = CAC116622B93A11800690E6A /* PackageType.swift */; };
		CAC116652B93A7A800690E6A /* Double.swift in Sources */ = {isa = PBXBuildFile; fileRef = CAC116642B93A7A800690E6A /* Double.swift */; };
		CAC116672B93A8AB00690E6A /* DashDropLocation.swift in Sources */ = {isa = PBXBuildFile; fileRef = CAC116662B93A8AB00690E6A /* DashDropLocation.swift */; };
		CAC116692B93C22E00690E6A /* Color.swift in Sources */ = {isa = PBXBuildFile; fileRef = CAC116682B93C22E00690E6A /* Color.swift */; };
		CAC1166E2B93CD6000690E6A /* LoginView.swift in Sources */ = {isa = PBXBuildFile; fileRef = CAC1166D2B93CD6000690E6A /* LoginView.swift */; };
		CAC116702B93CD6E00690E6A /* RegistrationView.swift in Sources */ = {isa = PBXBuildFile; fileRef = CAC1166F2B93CD6E00690E6A /* RegistrationView.swift */; };
		CAC116732B93D71100690E6A /* CustomInputField.swift in Sources */ = {isa = PBXBuildFile; fileRef = CAC116722B93D71100690E6A /* CustomInputField.swift */; };
		CAC116AE2B9409D000690E6A /* AuthViewModel.swift in Sources */ = {isa = PBXBuildFile; fileRef = CAC116AD2B9409D000690E6A /* AuthViewModel.swift */; };
		CAC116B02B9550D400690E6A /* User.swift in Sources */ = {isa = PBXBuildFile; fileRef = CAC116AF2B9550D400690E6A /* User.swift */; };
		CAC116B52B955E4000690E6A /* SideMenuView.swift in Sources */ = {isa = PBXBuildFile; fileRef = CAC116B42B955E4000690E6A /* SideMenuView.swift */; };
		CAC116B72B96635700690E6A /* SideMenuOptionViewModel.swift in Sources */ = {isa = PBXBuildFile; fileRef = CAC116B62B96635700690E6A /* SideMenuOptionViewModel.swift */; };
		CAC116B92B96652800690E6A /* SideMenuOptionView.swift in Sources */ = {isa = PBXBuildFile; fileRef = CAC116B82B96652800690E6A /* SideMenuOptionView.swift */; };
		CAC116BC2B96BA5700690E6A /* SettingsView.swift in Sources */ = {isa = PBXBuildFile; fileRef = CAC116BB2B96BA5700690E6A /* SettingsView.swift */; };
		CAE43F2F2B9FDC6A0007DA21 /* PickupPackageView.swift in Sources */ = {isa = PBXBuildFile; fileRef = CAE43F2E2B9FDC6A0007DA21 /* PickupPackageView.swift */; };
		CAFCEC532B97A111005F67DA /* SavedLocationRowView.swift in Sources */ = {isa = PBXBuildFile; fileRef = CAFCEC522B97A111005F67DA /* SavedLocationRowView.swift */; };
		CAFCEC552B97A5EC005F67DA /* SettingsRowView.swift in Sources */ = {isa = PBXBuildFile; fileRef = CAFCEC542B97A5EC005F67DA /* SettingsRowView.swift */; };
		CAFCEC572B97B8FB005F67DA /* SavedModelViewModel.swift in Sources */ = {isa = PBXBuildFile; fileRef = CAFCEC562B97B8FB005F67DA /* SavedModelViewModel.swift */; };
		CAFCEC592B97BD30005F67DA /* SavedLocationSearchView.swift in Sources */ = {isa = PBXBuildFile; fileRef = CAFCEC582B97BD30005F67DA /* SavedLocationSearchView.swift */; };
		CAFCEC5B2B97C5E6005F67DA /* LocationSearchResultsView.swift in Sources */ = {isa = PBXBuildFile; fileRef = CAFCEC5A2B97C5E6005F67DA /* LocationSearchResultsView.swift */; };
		CAFCEC5D2B97D7D4005F67DA /* SavedLocation.swift in Sources */ = {isa = PBXBuildFile; fileRef = CAFCEC5C2B97D7D4005F67DA /* SavedLocation.swift */; };
		CAFCEC5F2B97EF52005F67DA /* DeveloperPreview.swift in Sources */ = {isa = PBXBuildFile; fileRef = CAFCEC5E2B97EF52005F67DA /* DeveloperPreview.swift */; };
		CAFCEC612B97F84D005F67DA /* HomeViewModel.swift in Sources */ = {isa = PBXBuildFile; fileRef = CAFCEC602B97F84D005F67DA /* HomeViewModel.swift */; };
		CAFCEC632B98F596005F67DA /* DriverAnnotation.swift in Sources */ = {isa = PBXBuildFile; fileRef = CAFCEC622B98F596005F67DA /* DriverAnnotation.swift */; };
		CAFCEC662B9914F3005F67DA /* UserService.swift in Sources */ = {isa = PBXBuildFile; fileRef = CAFCEC652B9914F3005F67DA /* UserService.swift */; };
		CAFCEC682B992193005F67DA /* AcceptOrderView.swift in Sources */ = {isa = PBXBuildFile; fileRef = CAFCEC672B992193005F67DA /* AcceptOrderView.swift */; };
		CAFCEC6A2B9930F6005F67DA /* Order.swift in Sources */ = {isa = PBXBuildFile; fileRef = CAFCEC692B9930F6005F67DA /* Order.swift */; };
/* End PBXBuildFile section */

/* Begin PBXFileReference section */
		CA0E5D822B9A38870013AA83 /* GoogleService-Info.plist */ = {isa = PBXFileReference; fileEncoding = 4; lastKnownFileType = text.plist.xml; path = "GoogleService-Info.plist"; sourceTree = "<group>"; };
		CA0E5DBB2B9A5FFF0013AA83 /* GeoPoint.swift */ = {isa = PBXFileReference; lastKnownFileType = sourcecode.swift; path = GeoPoint.swift; sourceTree = "<group>"; };
		CA0E5DBD2B9A8C9D0013AA83 /* OrderLoadingView.swift */ = {isa = PBXFileReference; lastKnownFileType = sourcecode.swift; path = OrderLoadingView.swift; sourceTree = "<group>"; };
		CA0E5DBF2B9A8D7E0013AA83 /* OrderAcceptedView.swift */ = {isa = PBXFileReference; lastKnownFileType = sourcecode.swift; path = OrderAcceptedView.swift; sourceTree = "<group>"; };
		CA0E5DC12B9A95270013AA83 /* Spinner.swift */ = {isa = PBXFileReference; lastKnownFileType = sourcecode.swift; path = Spinner.swift; sourceTree = "<group>"; };
		CA0E5DC32B9AEAF80013AA83 /* PrepaidLabelView.swift */ = {isa = PBXFileReference; lastKnownFileType = sourcecode.swift; path = PrepaidLabelView.swift; sourceTree = "<group>"; };
		CA0E5DC62B9AFD6D0013AA83 /* ImagePicker.swift */ = {isa = PBXFileReference; lastKnownFileType = sourcecode.swift; path = ImagePicker.swift; sourceTree = "<group>"; };
		CA0E5DCA2B9B0A810013AA83 /* SelectedPrepaidOption.swift */ = {isa = PBXFileReference; lastKnownFileType = sourcecode.swift; path = SelectedPrepaidOption.swift; sourceTree = "<group>"; };
		CA0E5DCE2B9BD5AB0013AA83 /* ImageUploader.swift */ = {isa = PBXFileReference; lastKnownFileType = sourcecode.swift; path = ImageUploader.swift; sourceTree = "<group>"; };
		CA0E5E0C2B9D2C850013AA83 /* RegistrationViewDriver.swift */ = {isa = PBXFileReference; lastKnownFileType = sourcecode.swift; path = RegistrationViewDriver.swift; sourceTree = "<group>"; };
		CAC116272B92A6D700690E6A /* DashDrop.app */ = {isa = PBXFileReference; explicitFileType = wrapper.application; includeInIndex = 0; path = DashDrop.app; sourceTree = BUILT_PRODUCTS_DIR; };
		CAC1162A2B92A6D700690E6A /* DashDropApp.swift */ = {isa = PBXFileReference; lastKnownFileType = sourcecode.swift; path = DashDropApp.swift; sourceTree = "<group>"; };
		CAC1162E2B92A6D800690E6A /* Assets.xcassets */ = {isa = PBXFileReference; lastKnownFileType = folder.assetcatalog; path = Assets.xcassets; sourceTree = "<group>"; };
		CAC116312B92A6D800690E6A /* Preview Assets.xcassets */ = {isa = PBXFileReference; lastKnownFileType = folder.assetcatalog; path = "Preview Assets.xcassets"; sourceTree = "<group>"; };
		CAC116472B92A7B600690E6A /* MapViewRepresentable.swift */ = {isa = PBXFileReference; fileEncoding = 4; lastKnownFileType = sourcecode.swift; path = MapViewRepresentable.swift; sourceTree = "<group>"; };
		CAC116482B92A7B600690E6A /* HomeView.swift */ = {isa = PBXFileReference; fileEncoding = 4; lastKnownFileType = sourcecode.swift; path = HomeView.swift; sourceTree = "<group>"; };
		CAC1164B2B92A87900690E6A /* LocationManager.swift */ = {isa = PBXFileReference; lastKnownFileType = sourcecode.swift; path = LocationManager.swift; sourceTree = "<group>"; };
		CAC116512B92B7A900690E6A /* LocationSearchActivationView.swift */ = {isa = PBXFileReference; lastKnownFileType = sourcecode.swift; path = LocationSearchActivationView.swift; sourceTree = "<group>"; };
		CAC116532B92B94900690E6A /* MapViewActionButton.swift */ = {isa = PBXFileReference; lastKnownFileType = sourcecode.swift; path = MapViewActionButton.swift; sourceTree = "<group>"; };
		CAC116552B92BBD800690E6A /* LocationSearchView.swift */ = {isa = PBXFileReference; lastKnownFileType = sourcecode.swift; path = LocationSearchView.swift; sourceTree = "<group>"; };
		CAC116572B92BF1A00690E6A /* LocationSearchResultCell.swift */ = {isa = PBXFileReference; lastKnownFileType = sourcecode.swift; path = LocationSearchResultCell.swift; sourceTree = "<group>"; };
		CAC116592B92C5A700690E6A /* LocationSearchViewModel.swift */ = {isa = PBXFileReference; lastKnownFileType = sourcecode.swift; path = LocationSearchViewModel.swift; sourceTree = "<group>"; };
		CAC1165B2B9315B500690E6A /* MapViewState.swift */ = {isa = PBXFileReference; lastKnownFileType = sourcecode.swift; path = MapViewState.swift; sourceTree = "<group>"; };
		CAC1165E2B931F2D00690E6A /* OrderRequestView.swift */ = {isa = PBXFileReference; lastKnownFileType = sourcecode.swift; path = OrderRequestView.swift; sourceTree = "<group>"; };
		CAC116602B939AD600690E6A /* StoreType.swift */ = {isa = PBXFileReference; lastKnownFileType = sourcecode.swift; path = StoreType.swift; sourceTree = "<group>"; };
		CAC116622B93A11800690E6A /* PackageType.swift */ = {isa = PBXFileReference; lastKnownFileType = sourcecode.swift; path = PackageType.swift; sourceTree = "<group>"; };
		CAC116642B93A7A800690E6A /* Double.swift */ = {isa = PBXFileReference; lastKnownFileType = sourcecode.swift; path = Double.swift; sourceTree = "<group>"; };
		CAC116662B93A8AB00690E6A /* DashDropLocation.swift */ = {isa = PBXFileReference; lastKnownFileType = sourcecode.swift; path = DashDropLocation.swift; sourceTree = "<group>"; };
		CAC116682B93C22E00690E6A /* Color.swift */ = {isa = PBXFileReference; lastKnownFileType = sourcecode.swift; path = Color.swift; sourceTree = "<group>"; };
		CAC1166D2B93CD6000690E6A /* LoginView.swift */ = {isa = PBXFileReference; lastKnownFileType = sourcecode.swift; path = LoginView.swift; sourceTree = "<group>"; };
		CAC1166F2B93CD6E00690E6A /* RegistrationView.swift */ = {isa = PBXFileReference; lastKnownFileType = sourcecode.swift; path = RegistrationView.swift; sourceTree = "<group>"; };
		CAC116722B93D71100690E6A /* CustomInputField.swift */ = {isa = PBXFileReference; lastKnownFileType = sourcecode.swift; path = CustomInputField.swift; sourceTree = "<group>"; };
		CAC116AD2B9409D000690E6A /* AuthViewModel.swift */ = {isa = PBXFileReference; lastKnownFileType = sourcecode.swift; path = AuthViewModel.swift; sourceTree = "<group>"; };
		CAC116AF2B9550D400690E6A /* User.swift */ = {isa = PBXFileReference; lastKnownFileType = sourcecode.swift; path = User.swift; sourceTree = "<group>"; };
		CAC116B42B955E4000690E6A /* SideMenuView.swift */ = {isa = PBXFileReference; lastKnownFileType = sourcecode.swift; path = SideMenuView.swift; sourceTree = "<group>"; };
		CAC116B62B96635700690E6A /* SideMenuOptionViewModel.swift */ = {isa = PBXFileReference; lastKnownFileType = sourcecode.swift; path = SideMenuOptionViewModel.swift; sourceTree = "<group>"; };
		CAC116B82B96652800690E6A /* SideMenuOptionView.swift */ = {isa = PBXFileReference; lastKnownFileType = sourcecode.swift; path = SideMenuOptionView.swift; sourceTree = "<group>"; };
		CAC116BB2B96BA5700690E6A /* SettingsView.swift */ = {isa = PBXFileReference; lastKnownFileType = sourcecode.swift; path = SettingsView.swift; sourceTree = "<group>"; };
		CAE43F2E2B9FDC6A0007DA21 /* PickupPackageView.swift */ = {isa = PBXFileReference; lastKnownFileType = sourcecode.swift; path = PickupPackageView.swift; sourceTree = "<group>"; };
		CAFCEC522B97A111005F67DA /* SavedLocationRowView.swift */ = {isa = PBXFileReference; lastKnownFileType = sourcecode.swift; path = SavedLocationRowView.swift; sourceTree = "<group>"; };
		CAFCEC542B97A5EC005F67DA /* SettingsRowView.swift */ = {isa = PBXFileReference; lastKnownFileType = sourcecode.swift; path = SettingsRowView.swift; sourceTree = "<group>"; };
		CAFCEC562B97B8FB005F67DA /* SavedModelViewModel.swift */ = {isa = PBXFileReference; lastKnownFileType = sourcecode.swift; path = SavedModelViewModel.swift; sourceTree = "<group>"; };
		CAFCEC582B97BD30005F67DA /* SavedLocationSearchView.swift */ = {isa = PBXFileReference; lastKnownFileType = sourcecode.swift; path = SavedLocationSearchView.swift; sourceTree = "<group>"; };
		CAFCEC5A2B97C5E6005F67DA /* LocationSearchResultsView.swift */ = {isa = PBXFileReference; lastKnownFileType = sourcecode.swift; path = LocationSearchResultsView.swift; sourceTree = "<group>"; };
		CAFCEC5C2B97D7D4005F67DA /* SavedLocation.swift */ = {isa = PBXFileReference; lastKnownFileType = sourcecode.swift; path = SavedLocation.swift; sourceTree = "<group>"; };
		CAFCEC5E2B97EF52005F67DA /* DeveloperPreview.swift */ = {isa = PBXFileReference; lastKnownFileType = sourcecode.swift; path = DeveloperPreview.swift; sourceTree = "<group>"; };
		CAFCEC602B97F84D005F67DA /* HomeViewModel.swift */ = {isa = PBXFileReference; lastKnownFileType = sourcecode.swift; path = HomeViewModel.swift; sourceTree = "<group>"; };
		CAFCEC622B98F596005F67DA /* DriverAnnotation.swift */ = {isa = PBXFileReference; lastKnownFileType = sourcecode.swift; path = DriverAnnotation.swift; sourceTree = "<group>"; };
		CAFCEC652B9914F3005F67DA /* UserService.swift */ = {isa = PBXFileReference; lastKnownFileType = sourcecode.swift; path = UserService.swift; sourceTree = "<group>"; };
		CAFCEC672B992193005F67DA /* AcceptOrderView.swift */ = {isa = PBXFileReference; lastKnownFileType = sourcecode.swift; path = AcceptOrderView.swift; sourceTree = "<group>"; };
		CAFCEC692B9930F6005F67DA /* Order.swift */ = {isa = PBXFileReference; lastKnownFileType = sourcecode.swift; path = Order.swift; sourceTree = "<group>"; };
/* End PBXFileReference section */

/* Begin PBXFrameworksBuildPhase section */
		CAC116242B92A6D700690E6A /* Frameworks */ = {
			isa = PBXFrameworksBuildPhase;
			buildActionMask = 2147483647;
			files = (
				CA0E5D982B9A39780013AA83 /* FirebaseDatabase in Frameworks */,
				CA0E5DA62B9A39780013AA83 /* FirebaseFunctionsCombine-Community in Frameworks */,
				CA0E5D9E2B9A39780013AA83 /* FirebaseFirestore in Frameworks */,
				CA0E5D8A2B9A39780013AA83 /* FirebaseAnalyticsSwift in Frameworks */,
				CA0E5D862B9A39780013AA83 /* FirebaseAnalytics in Frameworks */,
				CA0E5D882B9A39780013AA83 /* FirebaseAnalyticsOnDeviceConversion in Frameworks */,
				CA0E5DAE2B9A39780013AA83 /* FirebaseMLModelDownloader in Frameworks */,
				CA0E5DA22B9A39780013AA83 /* FirebaseFirestoreSwift in Frameworks */,
				CA0E5D8E2B9A39780013AA83 /* FirebaseAppCheck in Frameworks */,
				CA0E5D8C2B9A39780013AA83 /* FirebaseAnalyticsWithoutAdIdSupport in Frameworks */,
				CA0E5D922B9A39780013AA83 /* FirebaseAuth in Frameworks */,
				CA0E5D962B9A39780013AA83 /* FirebaseCrashlytics in Frameworks */,
				CA0E5DB62B9A39780013AA83 /* FirebaseRemoteConfigSwift in Frameworks */,
				CA0E5DA82B9A39780013AA83 /* FirebaseInAppMessaging-Beta in Frameworks */,
				CA0E5D9A2B9A39780013AA83 /* FirebaseDatabaseSwift in Frameworks */,
				CA0E5DA42B9A39780013AA83 /* FirebaseFunctions in Frameworks */,
				CA0E5DBA2B9A39780013AA83 /* FirebaseStorageCombine-Community in Frameworks */,
				CA0E5DB42B9A39780013AA83 /* FirebaseRemoteConfig in Frameworks */,
				CA0E5D902B9A39780013AA83 /* FirebaseAppDistribution-Beta in Frameworks */,
				CA0E5D942B9A39780013AA83 /* FirebaseAuthCombine-Community in Frameworks */,
				CA0E5DB22B9A39780013AA83 /* FirebasePerformance in Frameworks */,
				CA0E5DAA2B9A39780013AA83 /* FirebaseInAppMessagingSwift-Beta in Frameworks */,
				CA0E5DB82B9A39780013AA83 /* FirebaseStorage in Frameworks */,
				CA0E5D9C2B9A39780013AA83 /* FirebaseDynamicLinks in Frameworks */,
				CA0E5DA02B9A39780013AA83 /* FirebaseFirestoreCombine-Community in Frameworks */,
				CA0E5DB02B9A39780013AA83 /* FirebaseMessaging in Frameworks */,
				CA0E5DAC2B9A39780013AA83 /* FirebaseInstallations in Frameworks */,
			);
			runOnlyForDeploymentPostprocessing = 0;
		};
/* End PBXFrameworksBuildPhase section */

/* Begin PBXGroup section */
		CA0E5DC52B9AFD570013AA83 /* Utils */ = {
			isa = PBXGroup;
			children = (
				CA0E5DC62B9AFD6D0013AA83 /* ImagePicker.swift */,
			);
			path = Utils;
			sourceTree = "<group>";
		};
		CAC1161E2B92A6D700690E6A = {
			isa = PBXGroup;
			children = (
				CAC116292B92A6D700690E6A /* DashDrop */,
				CAC116282B92A6D700690E6A /* Products */,
			);
			sourceTree = "<group>";
		};
		CAC116282B92A6D700690E6A /* Products */ = {
			isa = PBXGroup;
			children = (
				CAC116272B92A6D700690E6A /* DashDrop.app */,
			);
			name = Products;
			sourceTree = "<group>";
		};
		CAC116292B92A6D700690E6A /* DashDrop */ = {
			isa = PBXGroup;
			children = (
				CA0E5DC52B9AFD570013AA83 /* Utils */,
				CAFCEC642B9914DE005F67DA /* Services */,
				CAC116712B93D6F100690E6A /* ReusableItems */,
				CAC116432B92A77600690E6A /* App */,
				CAC116422B92A77500690E6A /* Core */,
				CAC116412B92A77400690E6A /* Extensions */,
				CAC116402B92A77000690E6A /* Managers */,
				CAC116442B92A78900690E6A /* Models */,
				CA0E5D822B9A38870013AA83 /* GoogleService-Info.plist */,
				CAC1162E2B92A6D800690E6A /* Assets.xcassets */,
				CAC116302B92A6D800690E6A /* Preview Content */,
			);
			path = DashDrop;
			sourceTree = "<group>";
		};
		CAC116302B92A6D800690E6A /* Preview Content */ = {
			isa = PBXGroup;
			children = (
				CAC116312B92A6D800690E6A /* Preview Assets.xcassets */,
			);
			path = "Preview Content";
			sourceTree = "<group>";
		};
		CAC116402B92A77000690E6A /* Managers */ = {
			isa = PBXGroup;
			children = (
				CAC1164B2B92A87900690E6A /* LocationManager.swift */,
			);
			path = Managers;
			sourceTree = "<group>";
		};
		CAC116412B92A77400690E6A /* Extensions */ = {
			isa = PBXGroup;
			children = (
				CAC116642B93A7A800690E6A /* Double.swift */,
				CAC116682B93C22E00690E6A /* Color.swift */,
				CAFCEC5E2B97EF52005F67DA /* DeveloperPreview.swift */,
				CA0E5DBB2B9A5FFF0013AA83 /* GeoPoint.swift */,
			);
			path = Extensions;
			sourceTree = "<group>";
		};
		CAC116422B92A77500690E6A /* Core */ = {
			isa = PBXGroup;
			children = (
				CAC116BA2B96BA4900690E6A /* Settings */,
				CAC116B12B955D9800690E6A /* SideMenu */,
				CAC1166A2B93CD3D00690E6A /* Authentication */,
				CAC1165D2B931EF700690E6A /* Orders */,
				CAC1164E2B92B76800690E6A /* LocationSearch */,
				CAC1164D2B92B75A00690E6A /* Home */,
			);
			path = Core;
			sourceTree = "<group>";
		};
		CAC116432B92A77600690E6A /* App */ = {
			isa = PBXGroup;
			children = (
				CAC1162A2B92A6D700690E6A /* DashDropApp.swift */,
			);
			path = App;
			sourceTree = "<group>";
		};
		CAC116442B92A78900690E6A /* Models */ = {
			isa = PBXGroup;
			children = (
				CAC1165B2B9315B500690E6A /* MapViewState.swift */,
				CAC116602B939AD600690E6A /* StoreType.swift */,
				CAC116622B93A11800690E6A /* PackageType.swift */,
				CAC116662B93A8AB00690E6A /* DashDropLocation.swift */,
				CAC116AF2B9550D400690E6A /* User.swift */,
				CAFCEC5C2B97D7D4005F67DA /* SavedLocation.swift */,
				CAFCEC622B98F596005F67DA /* DriverAnnotation.swift */,
				CAFCEC692B9930F6005F67DA /* Order.swift */,
				CA0E5DCA2B9B0A810013AA83 /* SelectedPrepaidOption.swift */,
				CA0E5DCE2B9BD5AB0013AA83 /* ImageUploader.swift */,
			);
			path = Models;
			sourceTree = "<group>";
		};
		CAC116452B92A79D00690E6A /* Views */ = {
			isa = PBXGroup;
			children = (
				CAC116482B92A7B600690E6A /* HomeView.swift */,
				CAC116472B92A7B600690E6A /* MapViewRepresentable.swift */,
				CAC116532B92B94900690E6A /* MapViewActionButton.swift */,
			);
			path = Views;
			sourceTree = "<group>";
		};
		CAC116462B92A79F00690E6A /* ViewModels */ = {
			isa = PBXGroup;
			children = (
				CAFCEC602B97F84D005F67DA /* HomeViewModel.swift */,
			);
			path = ViewModels;
			sourceTree = "<group>";
		};
		CAC1164D2B92B75A00690E6A /* Home */ = {
			isa = PBXGroup;
			children = (
				CAC116462B92A79F00690E6A /* ViewModels */,
				CAC116452B92A79D00690E6A /* Views */,
			);
			path = Home;
			sourceTree = "<group>";
		};
		CAC1164E2B92B76800690E6A /* LocationSearch */ = {
			isa = PBXGroup;
			children = (
				CAC116502B92B77A00690E6A /* ViewModel */,
				CAC1164F2B92B77800690E6A /* Views */,
			);
			path = LocationSearch;
			sourceTree = "<group>";
		};
		CAC1164F2B92B77800690E6A /* Views */ = {
			isa = PBXGroup;
			children = (
				CAC116512B92B7A900690E6A /* LocationSearchActivationView.swift */,
				CAC116552B92BBD800690E6A /* LocationSearchView.swift */,
				CAC116572B92BF1A00690E6A /* LocationSearchResultCell.swift */,
				CAFCEC582B97BD30005F67DA /* SavedLocationSearchView.swift */,
			);
			path = Views;
			sourceTree = "<group>";
		};
		CAC116502B92B77A00690E6A /* ViewModel */ = {
			isa = PBXGroup;
			children = (
				CAC116592B92C5A700690E6A /* LocationSearchViewModel.swift */,
			);
			path = ViewModel;
			sourceTree = "<group>";
		};
		CAC1165D2B931EF700690E6A /* Orders */ = {
			isa = PBXGroup;
			children = (
				CAE43F2D2B9FDC390007DA21 /* Drivers */,
				CAE43F2C2B9FDC370007DA21 /* Customers */,
			);
			path = Orders;
			sourceTree = "<group>";
		};
		CAC1166A2B93CD3D00690E6A /* Authentication */ = {
			isa = PBXGroup;
			children = (
				CAC1166C2B93CD4E00690E6A /* ViewModels */,
				CAC1166B2B93CD4C00690E6A /* Views */,
			);
			path = Authentication;
			sourceTree = "<group>";
		};
		CAC1166B2B93CD4C00690E6A /* Views */ = {
			isa = PBXGroup;
			children = (
				CAC1166D2B93CD6000690E6A /* LoginView.swift */,
				CAC1166F2B93CD6E00690E6A /* RegistrationView.swift */,
				CA0E5E0C2B9D2C850013AA83 /* RegistrationViewDriver.swift */,
				CA0E5DC32B9AEAF80013AA83 /* PrepaidLabelView.swift */,
			);
			path = Views;
			sourceTree = "<group>";
		};
		CAC1166C2B93CD4E00690E6A /* ViewModels */ = {
			isa = PBXGroup;
			children = (
				CAC116AD2B9409D000690E6A /* AuthViewModel.swift */,
			);
			path = ViewModels;
			sourceTree = "<group>";
		};
		CAC116712B93D6F100690E6A /* ReusableItems */ = {
			isa = PBXGroup;
			children = (
				CAC116722B93D71100690E6A /* CustomInputField.swift */,
				CAFCEC522B97A111005F67DA /* SavedLocationRowView.swift */,
				CAFCEC542B97A5EC005F67DA /* SettingsRowView.swift */,
				CAFCEC5A2B97C5E6005F67DA /* LocationSearchResultsView.swift */,
				CA0E5DC12B9A95270013AA83 /* Spinner.swift */,
			);
			path = ReusableItems;
			sourceTree = "<group>";
		};
		CAC116B12B955D9800690E6A /* SideMenu */ = {
			isa = PBXGroup;
			children = (
				CAC116B32B955DB000690E6A /* ViewModel */,
				CAC116B22B955DA500690E6A /* Views */,
			);
			path = SideMenu;
			sourceTree = "<group>";
		};
		CAC116B22B955DA500690E6A /* Views */ = {
			isa = PBXGroup;
			children = (
				CAC116B42B955E4000690E6A /* SideMenuView.swift */,
				CAC116B82B96652800690E6A /* SideMenuOptionView.swift */,
			);
			path = Views;
			sourceTree = "<group>";
		};
		CAC116B32B955DB000690E6A /* ViewModel */ = {
			isa = PBXGroup;
			children = (
				CAC116B62B96635700690E6A /* SideMenuOptionViewModel.swift */,
			);
			path = ViewModel;
			sourceTree = "<group>";
		};
		CAC116BA2B96BA4900690E6A /* Settings */ = {
			isa = PBXGroup;
			children = (
				CAC116BE2B96BA6500690E6A /* ViewModel */,
				CAC116BD2B96BA6100690E6A /* Views */,
			);
			path = Settings;
			sourceTree = "<group>";
		};
		CAC116BD2B96BA6100690E6A /* Views */ = {
			isa = PBXGroup;
			children = (
				CAC116BB2B96BA5700690E6A /* SettingsView.swift */,
			);
			path = Views;
			sourceTree = "<group>";
		};
		CAC116BE2B96BA6500690E6A /* ViewModel */ = {
			isa = PBXGroup;
			children = (
				CAFCEC562B97B8FB005F67DA /* SavedModelViewModel.swift */,
			);
			path = ViewModel;
			sourceTree = "<group>";
		};
		CAE43F2C2B9FDC370007DA21 /* Customers */ = {
			isa = PBXGroup;
			children = (
				CAC1165E2B931F2D00690E6A /* OrderRequestView.swift */,
				CA0E5DBD2B9A8C9D0013AA83 /* OrderLoadingView.swift */,
				CA0E5DBF2B9A8D7E0013AA83 /* OrderAcceptedView.swift */,
			);
			path = Customers;
			sourceTree = "<group>";
		};
		CAE43F2D2B9FDC390007DA21 /* Drivers */ = {
			isa = PBXGroup;
			children = (
				CAFCEC672B992193005F67DA /* AcceptOrderView.swift */,
				CAE43F2E2B9FDC6A0007DA21 /* PickupPackageView.swift */,
			);
			path = Drivers;
			sourceTree = "<group>";
		};
		CAFCEC642B9914DE005F67DA /* Services */ = {
			isa = PBXGroup;
			children = (
				CAFCEC652B9914F3005F67DA /* UserService.swift */,
			);
			path = Services;
			sourceTree = "<group>";
		};
/* End PBXGroup section */

/* Begin PBXNativeTarget section */
		CAC116262B92A6D700690E6A /* DashDrop */ = {
			isa = PBXNativeTarget;
			buildConfigurationList = CAC116352B92A6D800690E6A /* Build configuration list for PBXNativeTarget "DashDrop" */;
			buildPhases = (
				CAC116232B92A6D700690E6A /* Sources */,
				CAC116242B92A6D700690E6A /* Frameworks */,
				CAC116252B92A6D700690E6A /* Resources */,
			);
			buildRules = (
			);
			dependencies = (
			);
			name = DashDrop;
			packageProductDependencies = (
				CA0E5D852B9A39780013AA83 /* FirebaseAnalytics */,
				CA0E5D872B9A39780013AA83 /* FirebaseAnalyticsOnDeviceConversion */,
				CA0E5D892B9A39780013AA83 /* FirebaseAnalyticsSwift */,
				CA0E5D8B2B9A39780013AA83 /* FirebaseAnalyticsWithoutAdIdSupport */,
				CA0E5D8D2B9A39780013AA83 /* FirebaseAppCheck */,
				CA0E5D8F2B9A39780013AA83 /* FirebaseAppDistribution-Beta */,
				CA0E5D912B9A39780013AA83 /* FirebaseAuth */,
				CA0E5D932B9A39780013AA83 /* FirebaseAuthCombine-Community */,
				CA0E5D952B9A39780013AA83 /* FirebaseCrashlytics */,
				CA0E5D972B9A39780013AA83 /* FirebaseDatabase */,
				CA0E5D992B9A39780013AA83 /* FirebaseDatabaseSwift */,
				CA0E5D9B2B9A39780013AA83 /* FirebaseDynamicLinks */,
				CA0E5D9D2B9A39780013AA83 /* FirebaseFirestore */,
				CA0E5D9F2B9A39780013AA83 /* FirebaseFirestoreCombine-Community */,
				CA0E5DA12B9A39780013AA83 /* FirebaseFirestoreSwift */,
				CA0E5DA32B9A39780013AA83 /* FirebaseFunctions */,
				CA0E5DA52B9A39780013AA83 /* FirebaseFunctionsCombine-Community */,
				CA0E5DA72B9A39780013AA83 /* FirebaseInAppMessaging-Beta */,
				CA0E5DA92B9A39780013AA83 /* FirebaseInAppMessagingSwift-Beta */,
				CA0E5DAB2B9A39780013AA83 /* FirebaseInstallations */,
				CA0E5DAD2B9A39780013AA83 /* FirebaseMLModelDownloader */,
				CA0E5DAF2B9A39780013AA83 /* FirebaseMessaging */,
				CA0E5DB12B9A39780013AA83 /* FirebasePerformance */,
				CA0E5DB32B9A39780013AA83 /* FirebaseRemoteConfig */,
				CA0E5DB52B9A39780013AA83 /* FirebaseRemoteConfigSwift */,
				CA0E5DB72B9A39780013AA83 /* FirebaseStorage */,
				CA0E5DB92B9A39780013AA83 /* FirebaseStorageCombine-Community */,
			);
			productName = DashDrop;
			productReference = CAC116272B92A6D700690E6A /* DashDrop.app */;
			productType = "com.apple.product-type.application";
		};
/* End PBXNativeTarget section */

/* Begin PBXProject section */
		CAC1161F2B92A6D700690E6A /* Project object */ = {
			isa = PBXProject;
			attributes = {
				BuildIndependentTargetsInParallel = 1;
				LastSwiftUpdateCheck = 1520;
				LastUpgradeCheck = 1520;
				TargetAttributes = {
					CAC116262B92A6D700690E6A = {
						CreatedOnToolsVersion = 15.2;
					};
				};
			};
			buildConfigurationList = CAC116222B92A6D700690E6A /* Build configuration list for PBXProject "DashDrop" */;
			compatibilityVersion = "Xcode 14.0";
			developmentRegion = en;
			hasScannedForEncodings = 0;
			knownRegions = (
				en,
				Base,
			);
			mainGroup = CAC1161E2B92A6D700690E6A;
			packageReferences = (
				CA0E5D842B9A39780013AA83 /* XCRemoteSwiftPackageReference "firebase-ios-sdk" */,
			);
			productRefGroup = CAC116282B92A6D700690E6A /* Products */;
			projectDirPath = "";
			projectRoot = "";
			targets = (
				CAC116262B92A6D700690E6A /* DashDrop */,
			);
		};
/* End PBXProject section */

/* Begin PBXResourcesBuildPhase section */
		CAC116252B92A6D700690E6A /* Resources */ = {
			isa = PBXResourcesBuildPhase;
			buildActionMask = 2147483647;
			files = (
				CAC116322B92A6D800690E6A /* Preview Assets.xcassets in Resources */,
				CAC1162F2B92A6D800690E6A /* Assets.xcassets in Resources */,
				CA0E5D832B9A38870013AA83 /* GoogleService-Info.plist in Resources */,
			);
			runOnlyForDeploymentPostprocessing = 0;
		};
/* End PBXResourcesBuildPhase section */

/* Begin PBXSourcesBuildPhase section */
		CAC116232B92A6D700690E6A /* Sources */ = {
			isa = PBXSourcesBuildPhase;
			buildActionMask = 2147483647;
			files = (
				CAC116AE2B9409D000690E6A /* AuthViewModel.swift in Sources */,
				CAFCEC612B97F84D005F67DA /* HomeViewModel.swift in Sources */,
				CAC1165A2B92C5A700690E6A /* LocationSearchViewModel.swift in Sources */,
				CAC116562B92BBD800690E6A /* LocationSearchView.swift in Sources */,
				CAC1164C2B92A87900690E6A /* LocationManager.swift in Sources */,
				CAC116B52B955E4000690E6A /* SideMenuView.swift in Sources */,
				CAC116702B93CD6E00690E6A /* RegistrationView.swift in Sources */,
				CAFCEC5D2B97D7D4005F67DA /* SavedLocation.swift in Sources */,
				CAC116B72B96635700690E6A /* SideMenuOptionViewModel.swift in Sources */,
				CAE43F2F2B9FDC6A0007DA21 /* PickupPackageView.swift in Sources */,
				CAC1165C2B9315B500690E6A /* MapViewState.swift in Sources */,
				CAC116732B93D71100690E6A /* CustomInputField.swift in Sources */,
				CA0E5E0D2B9D2C850013AA83 /* RegistrationViewDriver.swift in Sources */,
				CAC116542B92B94900690E6A /* MapViewActionButton.swift in Sources */,
				CA0E5DC22B9A95270013AA83 /* Spinner.swift in Sources */,
				CA0E5DBC2B9A5FFF0013AA83 /* GeoPoint.swift in Sources */,
				CAFCEC592B97BD30005F67DA /* SavedLocationSearchView.swift in Sources */,
				CAC116692B93C22E00690E6A /* Color.swift in Sources */,
				CAC116632B93A11800690E6A /* PackageType.swift in Sources */,
				CAC116652B93A7A800690E6A /* Double.swift in Sources */,
				CAC116612B939AD600690E6A /* StoreType.swift in Sources */,
				CAC1164A2B92A7B600690E6A /* HomeView.swift in Sources */,
				CAC116BC2B96BA5700690E6A /* SettingsView.swift in Sources */,
				CAC1166E2B93CD6000690E6A /* LoginView.swift in Sources */,
				CAFCEC632B98F596005F67DA /* DriverAnnotation.swift in Sources */,
				CAFCEC662B9914F3005F67DA /* UserService.swift in Sources */,
				CAC116672B93A8AB00690E6A /* DashDropLocation.swift in Sources */,
				CA0E5DBE2B9A8C9D0013AA83 /* OrderLoadingView.swift in Sources */,
				CAC116B92B96652800690E6A /* SideMenuOptionView.swift in Sources */,
				CAFCEC5B2B97C5E6005F67DA /* LocationSearchResultsView.swift in Sources */,
				CAC116492B92A7B600690E6A /* MapViewRepresentable.swift in Sources */,
				CAFCEC532B97A111005F67DA /* SavedLocationRowView.swift in Sources */,
				CA0E5DC72B9AFD6D0013AA83 /* ImagePicker.swift in Sources */,
				CAFCEC682B992193005F67DA /* AcceptOrderView.swift in Sources */,
				CA0E5DCF2B9BD5AB0013AA83 /* ImageUploader.swift in Sources */,
				CAC1162B2B92A6D700690E6A /* DashDropApp.swift in Sources */,
				CAFCEC5F2B97EF52005F67DA /* DeveloperPreview.swift in Sources */,
				CA0E5DC42B9AEAF80013AA83 /* PrepaidLabelView.swift in Sources */,
				CAC1165F2B931F2D00690E6A /* OrderRequestView.swift in Sources */,
				CAFCEC6A2B9930F6005F67DA /* Order.swift in Sources */,
				CA0E5DC02B9A8D7E0013AA83 /* OrderAcceptedView.swift in Sources */,
				CAC116522B92B7A900690E6A /* LocationSearchActivationView.swift in Sources */,
				CAFCEC572B97B8FB005F67DA /* SavedModelViewModel.swift in Sources */,
				CAC116582B92BF1A00690E6A /* LocationSearchResultCell.swift in Sources */,
				CA0E5DCB2B9B0A810013AA83 /* SelectedPrepaidOption.swift in Sources */,
				CAC116B02B9550D400690E6A /* User.swift in Sources */,
				CAFCEC552B97A5EC005F67DA /* SettingsRowView.swift in Sources */,
			);
			runOnlyForDeploymentPostprocessing = 0;
		};
/* End PBXSourcesBuildPhase section */

/* Begin XCBuildConfiguration section */
		CAC116332B92A6D800690E6A /* Debug */ = {
			isa = XCBuildConfiguration;
			buildSettings = {
				ALWAYS_SEARCH_USER_PATHS = NO;
				ASSETCATALOG_COMPILER_GENERATE_SWIFT_ASSET_SYMBOL_EXTENSIONS = YES;
				CLANG_ANALYZER_NONNULL = YES;
				CLANG_ANALYZER_NUMBER_OBJECT_CONVERSION = YES_AGGRESSIVE;
				CLANG_CXX_LANGUAGE_STANDARD = "gnu++20";
				CLANG_ENABLE_MODULES = YES;
				CLANG_ENABLE_OBJC_ARC = YES;
				CLANG_ENABLE_OBJC_WEAK = YES;
				CLANG_WARN_BLOCK_CAPTURE_AUTORELEASING = YES;
				CLANG_WARN_BOOL_CONVERSION = YES;
				CLANG_WARN_COMMA = YES;
				CLANG_WARN_CONSTANT_CONVERSION = YES;
				CLANG_WARN_DEPRECATED_OBJC_IMPLEMENTATIONS = YES;
				CLANG_WARN_DIRECT_OBJC_ISA_USAGE = YES_ERROR;
				CLANG_WARN_DOCUMENTATION_COMMENTS = YES;
				CLANG_WARN_EMPTY_BODY = YES;
				CLANG_WARN_ENUM_CONVERSION = YES;
				CLANG_WARN_INFINITE_RECURSION = YES;
				CLANG_WARN_INT_CONVERSION = YES;
				CLANG_WARN_NON_LITERAL_NULL_CONVERSION = YES;
				CLANG_WARN_OBJC_IMPLICIT_RETAIN_SELF = YES;
				CLANG_WARN_OBJC_LITERAL_CONVERSION = YES;
				CLANG_WARN_OBJC_ROOT_CLASS = YES_ERROR;
				CLANG_WARN_QUOTED_INCLUDE_IN_FRAMEWORK_HEADER = YES;
				CLANG_WARN_RANGE_LOOP_ANALYSIS = YES;
				CLANG_WARN_STRICT_PROTOTYPES = YES;
				CLANG_WARN_SUSPICIOUS_MOVE = YES;
				CLANG_WARN_UNGUARDED_AVAILABILITY = YES_AGGRESSIVE;
				CLANG_WARN_UNREACHABLE_CODE = YES;
				CLANG_WARN__DUPLICATE_METHOD_MATCH = YES;
				COPY_PHASE_STRIP = NO;
				DEBUG_INFORMATION_FORMAT = dwarf;
				ENABLE_STRICT_OBJC_MSGSEND = YES;
				ENABLE_TESTABILITY = YES;
				ENABLE_USER_SCRIPT_SANDBOXING = YES;
				GCC_C_LANGUAGE_STANDARD = gnu17;
				GCC_DYNAMIC_NO_PIC = NO;
				GCC_NO_COMMON_BLOCKS = YES;
				GCC_OPTIMIZATION_LEVEL = 0;
				GCC_PREPROCESSOR_DEFINITIONS = (
					"DEBUG=1",
					"$(inherited)",
				);
				GCC_WARN_64_TO_32_BIT_CONVERSION = YES;
				GCC_WARN_ABOUT_RETURN_TYPE = YES_ERROR;
				GCC_WARN_UNDECLARED_SELECTOR = YES;
				GCC_WARN_UNINITIALIZED_AUTOS = YES_AGGRESSIVE;
				GCC_WARN_UNUSED_FUNCTION = YES;
				GCC_WARN_UNUSED_VARIABLE = YES;
				IPHONEOS_DEPLOYMENT_TARGET = 17.2;
				LOCALIZATION_PREFERS_STRING_CATALOGS = YES;
				MTL_ENABLE_DEBUG_INFO = INCLUDE_SOURCE;
				MTL_FAST_MATH = YES;
				ONLY_ACTIVE_ARCH = YES;
				SDKROOT = iphoneos;
				SWIFT_ACTIVE_COMPILATION_CONDITIONS = "DEBUG $(inherited)";
				SWIFT_OPTIMIZATION_LEVEL = "-Onone";
			};
			name = Debug;
		};
		CAC116342B92A6D800690E6A /* Release */ = {
			isa = XCBuildConfiguration;
			buildSettings = {
				ALWAYS_SEARCH_USER_PATHS = NO;
				ASSETCATALOG_COMPILER_GENERATE_SWIFT_ASSET_SYMBOL_EXTENSIONS = YES;
				CLANG_ANALYZER_NONNULL = YES;
				CLANG_ANALYZER_NUMBER_OBJECT_CONVERSION = YES_AGGRESSIVE;
				CLANG_CXX_LANGUAGE_STANDARD = "gnu++20";
				CLANG_ENABLE_MODULES = YES;
				CLANG_ENABLE_OBJC_ARC = YES;
				CLANG_ENABLE_OBJC_WEAK = YES;
				CLANG_WARN_BLOCK_CAPTURE_AUTORELEASING = YES;
				CLANG_WARN_BOOL_CONVERSION = YES;
				CLANG_WARN_COMMA = YES;
				CLANG_WARN_CONSTANT_CONVERSION = YES;
				CLANG_WARN_DEPRECATED_OBJC_IMPLEMENTATIONS = YES;
				CLANG_WARN_DIRECT_OBJC_ISA_USAGE = YES_ERROR;
				CLANG_WARN_DOCUMENTATION_COMMENTS = YES;
				CLANG_WARN_EMPTY_BODY = YES;
				CLANG_WARN_ENUM_CONVERSION = YES;
				CLANG_WARN_INFINITE_RECURSION = YES;
				CLANG_WARN_INT_CONVERSION = YES;
				CLANG_WARN_NON_LITERAL_NULL_CONVERSION = YES;
				CLANG_WARN_OBJC_IMPLICIT_RETAIN_SELF = YES;
				CLANG_WARN_OBJC_LITERAL_CONVERSION = YES;
				CLANG_WARN_OBJC_ROOT_CLASS = YES_ERROR;
				CLANG_WARN_QUOTED_INCLUDE_IN_FRAMEWORK_HEADER = YES;
				CLANG_WARN_RANGE_LOOP_ANALYSIS = YES;
				CLANG_WARN_STRICT_PROTOTYPES = YES;
				CLANG_WARN_SUSPICIOUS_MOVE = YES;
				CLANG_WARN_UNGUARDED_AVAILABILITY = YES_AGGRESSIVE;
				CLANG_WARN_UNREACHABLE_CODE = YES;
				CLANG_WARN__DUPLICATE_METHOD_MATCH = YES;
				COPY_PHASE_STRIP = NO;
				DEBUG_INFORMATION_FORMAT = "dwarf-with-dsym";
				ENABLE_NS_ASSERTIONS = NO;
				ENABLE_STRICT_OBJC_MSGSEND = YES;
				ENABLE_USER_SCRIPT_SANDBOXING = YES;
				GCC_C_LANGUAGE_STANDARD = gnu17;
				GCC_NO_COMMON_BLOCKS = YES;
				GCC_WARN_64_TO_32_BIT_CONVERSION = YES;
				GCC_WARN_ABOUT_RETURN_TYPE = YES_ERROR;
				GCC_WARN_UNDECLARED_SELECTOR = YES;
				GCC_WARN_UNINITIALIZED_AUTOS = YES_AGGRESSIVE;
				GCC_WARN_UNUSED_FUNCTION = YES;
				GCC_WARN_UNUSED_VARIABLE = YES;
				IPHONEOS_DEPLOYMENT_TARGET = 17.2;
				LOCALIZATION_PREFERS_STRING_CATALOGS = YES;
				MTL_ENABLE_DEBUG_INFO = NO;
				MTL_FAST_MATH = YES;
				SDKROOT = iphoneos;
				SWIFT_COMPILATION_MODE = wholemodule;
				VALIDATE_PRODUCT = YES;
			};
			name = Release;
		};
		CAC116362B92A6D800690E6A /* Debug */ = {
			isa = XCBuildConfiguration;
			buildSettings = {
				ASSETCATALOG_COMPILER_APPICON_NAME = AppIcon;
				ASSETCATALOG_COMPILER_GLOBAL_ACCENT_COLOR_NAME = AccentColor;
				CODE_SIGN_STYLE = Automatic;
				CURRENT_PROJECT_VERSION = 1;
				DEVELOPMENT_ASSET_PATHS = "\"DashDrop/Preview Content\"";
				DEVELOPMENT_TEAM = 7UGX3MVTL4;
				ENABLE_PREVIEWS = YES;
				GENERATE_INFOPLIST_FILE = YES;
				INFOPLIST_KEY_NSLocationWhenInUseUsageDescription = "Please allow us to access your location to find you nearby drivers";
				INFOPLIST_KEY_UIApplicationSceneManifest_Generation = YES;
				INFOPLIST_KEY_UIApplicationSupportsIndirectInputEvents = YES;
				INFOPLIST_KEY_UILaunchScreen_Generation = YES;
				INFOPLIST_KEY_UISupportedInterfaceOrientations_iPad = "UIInterfaceOrientationPortrait UIInterfaceOrientationPortraitUpsideDown UIInterfaceOrientationLandscapeLeft UIInterfaceOrientationLandscapeRight";
				INFOPLIST_KEY_UISupportedInterfaceOrientations_iPhone = "UIInterfaceOrientationPortrait UIInterfaceOrientationLandscapeLeft UIInterfaceOrientationLandscapeRight";
				LD_RUNPATH_SEARCH_PATHS = (
					"$(inherited)",
					"@executable_path/Frameworks",
				);
				MARKETING_VERSION = 1.0;
				PRODUCT_BUNDLE_IDENTIFIER = "C--.DashDrop";
				PRODUCT_NAME = "$(TARGET_NAME)";
				SWIFT_EMIT_LOC_STRINGS = YES;
				SWIFT_VERSION = 5.0;
				TARGETED_DEVICE_FAMILY = "1,2";
			};
			name = Debug;
		};
		CAC116372B92A6D800690E6A /* Release */ = {
			isa = XCBuildConfiguration;
			buildSettings = {
				ASSETCATALOG_COMPILER_APPICON_NAME = AppIcon;
				ASSETCATALOG_COMPILER_GLOBAL_ACCENT_COLOR_NAME = AccentColor;
				CODE_SIGN_STYLE = Automatic;
				CURRENT_PROJECT_VERSION = 1;
				DEVELOPMENT_ASSET_PATHS = "\"DashDrop/Preview Content\"";
				DEVELOPMENT_TEAM = 7UGX3MVTL4;
				ENABLE_PREVIEWS = YES;
				GENERATE_INFOPLIST_FILE = YES;
				INFOPLIST_KEY_NSLocationWhenInUseUsageDescription = "Please allow us to access your location to find you nearby drivers";
				INFOPLIST_KEY_UIApplicationSceneManifest_Generation = YES;
				INFOPLIST_KEY_UIApplicationSupportsIndirectInputEvents = YES;
				INFOPLIST_KEY_UILaunchScreen_Generation = YES;
				INFOPLIST_KEY_UISupportedInterfaceOrientations_iPad = "UIInterfaceOrientationPortrait UIInterfaceOrientationPortraitUpsideDown UIInterfaceOrientationLandscapeLeft UIInterfaceOrientationLandscapeRight";
				INFOPLIST_KEY_UISupportedInterfaceOrientations_iPhone = "UIInterfaceOrientationPortrait UIInterfaceOrientationLandscapeLeft UIInterfaceOrientationLandscapeRight";
				LD_RUNPATH_SEARCH_PATHS = (
					"$(inherited)",
					"@executable_path/Frameworks",
				);
				MARKETING_VERSION = 1.0;
				PRODUCT_BUNDLE_IDENTIFIER = "C--.DashDrop";
				PRODUCT_NAME = "$(TARGET_NAME)";
				SWIFT_EMIT_LOC_STRINGS = YES;
				SWIFT_VERSION = 5.0;
				TARGETED_DEVICE_FAMILY = "1,2";
			};
			name = Release;
		};
/* End XCBuildConfiguration section */

/* Begin XCConfigurationList section */
		CAC116222B92A6D700690E6A /* Build configuration list for PBXProject "DashDrop" */ = {
			isa = XCConfigurationList;
			buildConfigurations = (
				CAC116332B92A6D800690E6A /* Debug */,
				CAC116342B92A6D800690E6A /* Release */,
			);
			defaultConfigurationIsVisible = 0;
			defaultConfigurationName = Release;
		};
		CAC116352B92A6D800690E6A /* Build configuration list for PBXNativeTarget "DashDrop" */ = {
			isa = XCConfigurationList;
			buildConfigurations = (
				CAC116362B92A6D800690E6A /* Debug */,
				CAC116372B92A6D800690E6A /* Release */,
			);
			defaultConfigurationIsVisible = 0;
			defaultConfigurationName = Release;
		};
/* End XCConfigurationList section */

/* Begin XCRemoteSwiftPackageReference section */
		CA0E5D842B9A39780013AA83 /* XCRemoteSwiftPackageReference "firebase-ios-sdk" */ = {
			isa = XCRemoteSwiftPackageReference;
			repositoryURL = "https://github.com/firebase/firebase-ios-sdk";
			requirement = {
				kind = upToNextMajorVersion;
				minimumVersion = 10.22.1;
			};
		};
/* End XCRemoteSwiftPackageReference section */

/* Begin XCSwiftPackageProductDependency section */
		CA0E5D852B9A39780013AA83 /* FirebaseAnalytics */ = {
			isa = XCSwiftPackageProductDependency;
			package = CA0E5D842B9A39780013AA83 /* XCRemoteSwiftPackageReference "firebase-ios-sdk" */;
			productName = FirebaseAnalytics;
		};
		CA0E5D872B9A39780013AA83 /* FirebaseAnalyticsOnDeviceConversion */ = {
			isa = XCSwiftPackageProductDependency;
			package = CA0E5D842B9A39780013AA83 /* XCRemoteSwiftPackageReference "firebase-ios-sdk" */;
			productName = FirebaseAnalyticsOnDeviceConversion;
		};
		CA0E5D892B9A39780013AA83 /* FirebaseAnalyticsSwift */ = {
			isa = XCSwiftPackageProductDependency;
			package = CA0E5D842B9A39780013AA83 /* XCRemoteSwiftPackageReference "firebase-ios-sdk" */;
			productName = FirebaseAnalyticsSwift;
		};
		CA0E5D8B2B9A39780013AA83 /* FirebaseAnalyticsWithoutAdIdSupport */ = {
			isa = XCSwiftPackageProductDependency;
			package = CA0E5D842B9A39780013AA83 /* XCRemoteSwiftPackageReference "firebase-ios-sdk" */;
			productName = FirebaseAnalyticsWithoutAdIdSupport;
		};
		CA0E5D8D2B9A39780013AA83 /* FirebaseAppCheck */ = {
			isa = XCSwiftPackageProductDependency;
			package = CA0E5D842B9A39780013AA83 /* XCRemoteSwiftPackageReference "firebase-ios-sdk" */;
			productName = FirebaseAppCheck;
		};
		CA0E5D8F2B9A39780013AA83 /* FirebaseAppDistribution-Beta */ = {
			isa = XCSwiftPackageProductDependency;
			package = CA0E5D842B9A39780013AA83 /* XCRemoteSwiftPackageReference "firebase-ios-sdk" */;
			productName = "FirebaseAppDistribution-Beta";
		};
		CA0E5D912B9A39780013AA83 /* FirebaseAuth */ = {
			isa = XCSwiftPackageProductDependency;
			package = CA0E5D842B9A39780013AA83 /* XCRemoteSwiftPackageReference "firebase-ios-sdk" */;
			productName = FirebaseAuth;
		};
		CA0E5D932B9A39780013AA83 /* FirebaseAuthCombine-Community */ = {
			isa = XCSwiftPackageProductDependency;
			package = CA0E5D842B9A39780013AA83 /* XCRemoteSwiftPackageReference "firebase-ios-sdk" */;
			productName = "FirebaseAuthCombine-Community";
		};
		CA0E5D952B9A39780013AA83 /* FirebaseCrashlytics */ = {
			isa = XCSwiftPackageProductDependency;
			package = CA0E5D842B9A39780013AA83 /* XCRemoteSwiftPackageReference "firebase-ios-sdk" */;
			productName = FirebaseCrashlytics;
		};
		CA0E5D972B9A39780013AA83 /* FirebaseDatabase */ = {
			isa = XCSwiftPackageProductDependency;
			package = CA0E5D842B9A39780013AA83 /* XCRemoteSwiftPackageReference "firebase-ios-sdk" */;
			productName = FirebaseDatabase;
		};
		CA0E5D992B9A39780013AA83 /* FirebaseDatabaseSwift */ = {
			isa = XCSwiftPackageProductDependency;
			package = CA0E5D842B9A39780013AA83 /* XCRemoteSwiftPackageReference "firebase-ios-sdk" */;
			productName = FirebaseDatabaseSwift;
		};
		CA0E5D9B2B9A39780013AA83 /* FirebaseDynamicLinks */ = {
			isa = XCSwiftPackageProductDependency;
			package = CA0E5D842B9A39780013AA83 /* XCRemoteSwiftPackageReference "firebase-ios-sdk" */;
			productName = FirebaseDynamicLinks;
		};
		CA0E5D9D2B9A39780013AA83 /* FirebaseFirestore */ = {
			isa = XCSwiftPackageProductDependency;
			package = CA0E5D842B9A39780013AA83 /* XCRemoteSwiftPackageReference "firebase-ios-sdk" */;
			productName = FirebaseFirestore;
		};
		CA0E5D9F2B9A39780013AA83 /* FirebaseFirestoreCombine-Community */ = {
			isa = XCSwiftPackageProductDependency;
			package = CA0E5D842B9A39780013AA83 /* XCRemoteSwiftPackageReference "firebase-ios-sdk" */;
			productName = "FirebaseFirestoreCombine-Community";
		};
		CA0E5DA12B9A39780013AA83 /* FirebaseFirestoreSwift */ = {
			isa = XCSwiftPackageProductDependency;
			package = CA0E5D842B9A39780013AA83 /* XCRemoteSwiftPackageReference "firebase-ios-sdk" */;
			productName = FirebaseFirestoreSwift;
		};
		CA0E5DA32B9A39780013AA83 /* FirebaseFunctions */ = {
			isa = XCSwiftPackageProductDependency;
			package = CA0E5D842B9A39780013AA83 /* XCRemoteSwiftPackageReference "firebase-ios-sdk" */;
			productName = FirebaseFunctions;
		};
		CA0E5DA52B9A39780013AA83 /* FirebaseFunctionsCombine-Community */ = {
			isa = XCSwiftPackageProductDependency;
			package = CA0E5D842B9A39780013AA83 /* XCRemoteSwiftPackageReference "firebase-ios-sdk" */;
			productName = "FirebaseFunctionsCombine-Community";
		};
		CA0E5DA72B9A39780013AA83 /* FirebaseInAppMessaging-Beta */ = {
			isa = XCSwiftPackageProductDependency;
			package = CA0E5D842B9A39780013AA83 /* XCRemoteSwiftPackageReference "firebase-ios-sdk" */;
			productName = "FirebaseInAppMessaging-Beta";
		};
		CA0E5DA92B9A39780013AA83 /* FirebaseInAppMessagingSwift-Beta */ = {
			isa = XCSwiftPackageProductDependency;
			package = CA0E5D842B9A39780013AA83 /* XCRemoteSwiftPackageReference "firebase-ios-sdk" */;
			productName = "FirebaseInAppMessagingSwift-Beta";
		};
		CA0E5DAB2B9A39780013AA83 /* FirebaseInstallations */ = {
			isa = XCSwiftPackageProductDependency;
			package = CA0E5D842B9A39780013AA83 /* XCRemoteSwiftPackageReference "firebase-ios-sdk" */;
			productName = FirebaseInstallations;
		};
		CA0E5DAD2B9A39780013AA83 /* FirebaseMLModelDownloader */ = {
			isa = XCSwiftPackageProductDependency;
			package = CA0E5D842B9A39780013AA83 /* XCRemoteSwiftPackageReference "firebase-ios-sdk" */;
			productName = FirebaseMLModelDownloader;
		};
		CA0E5DAF2B9A39780013AA83 /* FirebaseMessaging */ = {
			isa = XCSwiftPackageProductDependency;
			package = CA0E5D842B9A39780013AA83 /* XCRemoteSwiftPackageReference "firebase-ios-sdk" */;
			productName = FirebaseMessaging;
		};
		CA0E5DB12B9A39780013AA83 /* FirebasePerformance */ = {
			isa = XCSwiftPackageProductDependency;
			package = CA0E5D842B9A39780013AA83 /* XCRemoteSwiftPackageReference "firebase-ios-sdk" */;
			productName = FirebasePerformance;
		};
		CA0E5DB32B9A39780013AA83 /* FirebaseRemoteConfig */ = {
			isa = XCSwiftPackageProductDependency;
			package = CA0E5D842B9A39780013AA83 /* XCRemoteSwiftPackageReference "firebase-ios-sdk" */;
			productName = FirebaseRemoteConfig;
		};
		CA0E5DB52B9A39780013AA83 /* FirebaseRemoteConfigSwift */ = {
			isa = XCSwiftPackageProductDependency;
			package = CA0E5D842B9A39780013AA83 /* XCRemoteSwiftPackageReference "firebase-ios-sdk" */;
			productName = FirebaseRemoteConfigSwift;
		};
		CA0E5DB72B9A39780013AA83 /* FirebaseStorage */ = {
			isa = XCSwiftPackageProductDependency;
			package = CA0E5D842B9A39780013AA83 /* XCRemoteSwiftPackageReference "firebase-ios-sdk" */;
			productName = FirebaseStorage;
		};
		CA0E5DB92B9A39780013AA83 /* FirebaseStorageCombine-Community */ = {
			isa = XCSwiftPackageProductDependency;
			package = CA0E5D842B9A39780013AA83 /* XCRemoteSwiftPackageReference "firebase-ios-sdk" */;
			productName = "FirebaseStorageCombine-Community";
		};
/* End XCSwiftPackageProductDependency section */
	};
	rootObject = CAC1161F2B92A6D700690E6A /* Project object */;
}
