// !$*UTF8*$!
{
	archiveVersion = 1;
	classes = {
	};
	objectVersion = 56;
	objects = {

/* Begin PBXBuildFile section */
		CAEEE20D2B7BF55F007BAEA9 /* DashDropApp.swift in Sources */ = {isa = PBXBuildFile; fileRef = CAEEE20C2B7BF55F007BAEA9 /* DashDropApp.swift */; };
		CAEEE20F2B7BF55F007BAEA9 /* ContentView.swift in Sources */ = {isa = PBXBuildFile; fileRef = CAEEE20E2B7BF55F007BAEA9 /* ContentView.swift */; };
		CAEEE2112B7BF560007BAEA9 /* Assets.xcassets in Resources */ = {isa = PBXBuildFile; fileRef = CAEEE2102B7BF560007BAEA9 /* Assets.xcassets */; };
		CAEEE2142B7BF560007BAEA9 /* Preview Assets.xcassets in Resources */ = {isa = PBXBuildFile; fileRef = CAEEE2132B7BF560007BAEA9 /* Preview Assets.xcassets */; };
		CAEEE2242B7BF6E7007BAEA9 /* ContentViewModel.swift in Sources */ = {isa = PBXBuildFile; fileRef = CAEEE2232B7BF6E7007BAEA9 /* ContentViewModel.swift */; };
		CAEEE22A2B7BF744007BAEA9 /* ClearButton.swift in Sources */ = {isa = PBXBuildFile; fileRef = CAEEE2292B7BF744007BAEA9 /* ClearButton.swift */; };
		CAEEE22C2B7C2794007BAEA9 /* StoreSelectionView.swift in Sources */ = {isa = PBXBuildFile; fileRef = CAEEE22B2B7C2794007BAEA9 /* StoreSelectionView.swift */; };
		CAEEE22E2B7C27AB007BAEA9 /* PackageSelectionView.swift in Sources */ = {isa = PBXBuildFile; fileRef = CAEEE22D2B7C27AB007BAEA9 /* PackageSelectionView.swift */; };
		CAEEE2302B7C27BC007BAEA9 /* FinalStepView.swift in Sources */ = {isa = PBXBuildFile; fileRef = CAEEE22F2B7C27BC007BAEA9 /* FinalStepView.swift */; };
		CAEEE2322B7C2B4C007BAEA9 /* ImagePicker.swift in Sources */ = {isa = PBXBuildFile; fileRef = CAEEE2312B7C2B4C007BAEA9 /* ImagePicker.swift */; };
		CAEEE2342B7C3E44007BAEA9 /* OrderConfirmationView.swift in Sources */ = {isa = PBXBuildFile; fileRef = CAEEE2332B7C3E44007BAEA9 /* OrderConfirmationView.swift */; };
		CAEEE2362B7D7D8B007BAEA9 /* OrderDetails.swift in Sources */ = {isa = PBXBuildFile; fileRef = CAEEE2352B7D7D8B007BAEA9 /* OrderDetails.swift */; };
		CAEEE2382B835EF7007BAEA9 /* HomeView.swift in Sources */ = {isa = PBXBuildFile; fileRef = CAEEE2372B835EF7007BAEA9 /* HomeView.swift */; };
		CAEEE23A2B852A96007BAEA9 /* UserModel.swift in Sources */ = {isa = PBXBuildFile; fileRef = CAEEE2392B852A96007BAEA9 /* UserModel.swift */; };
		CAEEE23D2B852AD5007BAEA9 /* PhoneNumberKit in Frameworks */ = {isa = PBXBuildFile; productRef = CAEEE23C2B852AD5007BAEA9 /* PhoneNumberKit */; };
		CAEEE23F2B852AD5007BAEA9 /* PhoneNumberKit-Dynamic in Frameworks */ = {isa = PBXBuildFile; productRef = CAEEE23E2B852AD5007BAEA9 /* PhoneNumberKit-Dynamic */; };
		CAEEE2412B852AD5007BAEA9 /* PhoneNumberKit-Static in Frameworks */ = {isa = PBXBuildFile; productRef = CAEEE2402B852AD5007BAEA9 /* PhoneNumberKit-Static */; };
		CAEEE2432B852AEA007BAEA9 /* LoginView.swift in Sources */ = {isa = PBXBuildFile; fileRef = CAEEE2422B852AEA007BAEA9 /* LoginView.swift */; };
		CAEEE2452B852AF1007BAEA9 /* LaunchScreenView.swift in Sources */ = {isa = PBXBuildFile; fileRef = CAEEE2442B852AF1007BAEA9 /* LaunchScreenView.swift */; };
		CAEEE2472B852AF7007BAEA9 /* LaunchScreenManager.swift in Sources */ = {isa = PBXBuildFile; fileRef = CAEEE2462B852AF7007BAEA9 /* LaunchScreenManager.swift */; };
		CAEEE2492B852B30007BAEA9 /* LoadingView.swift in Sources */ = {isa = PBXBuildFile; fileRef = CAEEE2482B852B30007BAEA9 /* LoadingView.swift */; };
		CAEEE24B2B852B36007BAEA9 /* VerificationView.swift in Sources */ = {isa = PBXBuildFile; fileRef = CAEEE24A2B852B36007BAEA9 /* VerificationView.swift */; };
		CAEEE24D2B852B44007BAEA9 /* SettingsView.swift in Sources */ = {isa = PBXBuildFile; fileRef = CAEEE24C2B852B44007BAEA9 /* SettingsView.swift */; };
		CAEEE24F2B852B50007BAEA9 /* CustomTextField.swift in Sources */ = {isa = PBXBuildFile; fileRef = CAEEE24E2B852B50007BAEA9 /* CustomTextField.swift */; };
		CAEEE2512B852B56007BAEA9 /* CustomTextfield2.swift in Sources */ = {isa = PBXBuildFile; fileRef = CAEEE2502B852B56007BAEA9 /* CustomTextfield2.swift */; };
		CAEEE2532B852B61007BAEA9 /* Api (4).swift in Sources */ = {isa = PBXBuildFile; fileRef = CAEEE2522B852B61007BAEA9 /* Api (4).swift */; };
/* End PBXBuildFile section */

/* Begin PBXFileReference section */
		CAEEE2092B7BF55F007BAEA9 /* DashDrop.app */ = {isa = PBXFileReference; explicitFileType = wrapper.application; includeInIndex = 0; path = DashDrop.app; sourceTree = BUILT_PRODUCTS_DIR; };
		CAEEE20C2B7BF55F007BAEA9 /* DashDropApp.swift */ = {isa = PBXFileReference; lastKnownFileType = sourcecode.swift; path = DashDropApp.swift; sourceTree = "<group>"; };
		CAEEE20E2B7BF55F007BAEA9 /* ContentView.swift */ = {isa = PBXFileReference; lastKnownFileType = sourcecode.swift; path = ContentView.swift; sourceTree = "<group>"; };
		CAEEE2102B7BF560007BAEA9 /* Assets.xcassets */ = {isa = PBXFileReference; lastKnownFileType = folder.assetcatalog; path = Assets.xcassets; sourceTree = "<group>"; };
		CAEEE2132B7BF560007BAEA9 /* Preview Assets.xcassets */ = {isa = PBXFileReference; lastKnownFileType = folder.assetcatalog; path = "Preview Assets.xcassets"; sourceTree = "<group>"; };
		CAEEE2232B7BF6E7007BAEA9 /* ContentViewModel.swift */ = {isa = PBXFileReference; lastKnownFileType = sourcecode.swift; path = ContentViewModel.swift; sourceTree = "<group>"; };
		CAEEE2292B7BF744007BAEA9 /* ClearButton.swift */ = {isa = PBXFileReference; lastKnownFileType = sourcecode.swift; path = ClearButton.swift; sourceTree = "<group>"; };
		CAEEE22B2B7C2794007BAEA9 /* StoreSelectionView.swift */ = {isa = PBXFileReference; lastKnownFileType = sourcecode.swift; path = StoreSelectionView.swift; sourceTree = "<group>"; };
		CAEEE22D2B7C27AB007BAEA9 /* PackageSelectionView.swift */ = {isa = PBXFileReference; lastKnownFileType = sourcecode.swift; path = PackageSelectionView.swift; sourceTree = "<group>"; };
		CAEEE22F2B7C27BC007BAEA9 /* FinalStepView.swift */ = {isa = PBXFileReference; lastKnownFileType = sourcecode.swift; path = FinalStepView.swift; sourceTree = "<group>"; };
		CAEEE2312B7C2B4C007BAEA9 /* ImagePicker.swift */ = {isa = PBXFileReference; lastKnownFileType = sourcecode.swift; path = ImagePicker.swift; sourceTree = "<group>"; };
		CAEEE2332B7C3E44007BAEA9 /* OrderConfirmationView.swift */ = {isa = PBXFileReference; lastKnownFileType = sourcecode.swift; path = OrderConfirmationView.swift; sourceTree = "<group>"; };
		CAEEE2352B7D7D8B007BAEA9 /* OrderDetails.swift */ = {isa = PBXFileReference; lastKnownFileType = sourcecode.swift; path = OrderDetails.swift; sourceTree = "<group>"; };
		CAEEE2372B835EF7007BAEA9 /* HomeView.swift */ = {isa = PBXFileReference; lastKnownFileType = sourcecode.swift; path = HomeView.swift; sourceTree = "<group>"; };
		CAEEE2392B852A96007BAEA9 /* UserModel.swift */ = {isa = PBXFileReference; fileEncoding = 4; lastKnownFileType = sourcecode.swift; path = UserModel.swift; sourceTree = "<group>"; };
		CAEEE2422B852AEA007BAEA9 /* LoginView.swift */ = {isa = PBXFileReference; fileEncoding = 4; lastKnownFileType = sourcecode.swift; path = LoginView.swift; sourceTree = "<group>"; };
		CAEEE2442B852AF1007BAEA9 /* LaunchScreenView.swift */ = {isa = PBXFileReference; fileEncoding = 4; lastKnownFileType = sourcecode.swift; path = LaunchScreenView.swift; sourceTree = "<group>"; };
		CAEEE2462B852AF7007BAEA9 /* LaunchScreenManager.swift */ = {isa = PBXFileReference; fileEncoding = 4; lastKnownFileType = sourcecode.swift; path = LaunchScreenManager.swift; sourceTree = "<group>"; };
		CAEEE2482B852B30007BAEA9 /* LoadingView.swift */ = {isa = PBXFileReference; fileEncoding = 4; lastKnownFileType = sourcecode.swift; path = LoadingView.swift; sourceTree = "<group>"; };
		CAEEE24A2B852B36007BAEA9 /* VerificationView.swift */ = {isa = PBXFileReference; fileEncoding = 4; lastKnownFileType = sourcecode.swift; path = VerificationView.swift; sourceTree = "<group>"; };
		CAEEE24C2B852B44007BAEA9 /* SettingsView.swift */ = {isa = PBXFileReference; fileEncoding = 4; lastKnownFileType = sourcecode.swift; path = SettingsView.swift; sourceTree = "<group>"; };
		CAEEE24E2B852B50007BAEA9 /* CustomTextField.swift */ = {isa = PBXFileReference; fileEncoding = 4; lastKnownFileType = sourcecode.swift; path = CustomTextField.swift; sourceTree = "<group>"; };
		CAEEE2502B852B56007BAEA9 /* CustomTextfield2.swift */ = {isa = PBXFileReference; fileEncoding = 4; lastKnownFileType = sourcecode.swift; path = CustomTextfield2.swift; sourceTree = "<group>"; };
		CAEEE2522B852B61007BAEA9 /* Api (4).swift */ = {isa = PBXFileReference; fileEncoding = 4; lastKnownFileType = sourcecode.swift; path = "Api (4).swift"; sourceTree = "<group>"; };
/* End PBXFileReference section */

/* Begin PBXFrameworksBuildPhase section */
		CAEEE2062B7BF55F007BAEA9 /* Frameworks */ = {
			isa = PBXFrameworksBuildPhase;
			buildActionMask = 2147483647;
			files = (
				CAEEE23D2B852AD5007BAEA9 /* PhoneNumberKit in Frameworks */,
				CAEEE23F2B852AD5007BAEA9 /* PhoneNumberKit-Dynamic in Frameworks */,
				CAEEE2412B852AD5007BAEA9 /* PhoneNumberKit-Static in Frameworks */,
			);
			runOnlyForDeploymentPostprocessing = 0;
		};
/* End PBXFrameworksBuildPhase section */

/* Begin PBXGroup section */
		CAEEE2002B7BF55F007BAEA9 = {
			isa = PBXGroup;
			children = (
				CAEEE20B2B7BF55F007BAEA9 /* DashDrop */,
				CAEEE20A2B7BF55F007BAEA9 /* Products */,
			);
			sourceTree = "<group>";
		};
		CAEEE20A2B7BF55F007BAEA9 /* Products */ = {
			isa = PBXGroup;
			children = (
				CAEEE2092B7BF55F007BAEA9 /* DashDrop.app */,
			);
			name = Products;
			sourceTree = "<group>";
		};
		CAEEE20B2B7BF55F007BAEA9 /* DashDrop */ = {
			isa = PBXGroup;
			children = (
				CAEEE21C2B7BF57C007BAEA9 /* App */,
				CAEEE21B2B7BF56F007BAEA9 /* Model */,
				CAEEE21A2B7BF568007BAEA9 /* View */,
				CAEEE2102B7BF560007BAEA9 /* Assets.xcassets */,
				CAEEE2522B852B61007BAEA9 /* Api (4).swift */,
				CAEEE2122B7BF560007BAEA9 /* Preview Content */,
			);
			path = DashDrop;
			sourceTree = "<group>";
		};
		CAEEE2122B7BF560007BAEA9 /* Preview Content */ = {
			isa = PBXGroup;
			children = (
				CAEEE2132B7BF560007BAEA9 /* Preview Assets.xcassets */,
			);
			path = "Preview Content";
			sourceTree = "<group>";
		};
		CAEEE21A2B7BF568007BAEA9 /* View */ = {
			isa = PBXGroup;
			children = (
				CAEEE2422B852AEA007BAEA9 /* LoginView.swift */,
				CAEEE2442B852AF1007BAEA9 /* LaunchScreenView.swift */,
				CAEEE2462B852AF7007BAEA9 /* LaunchScreenManager.swift */,
				CAEEE2372B835EF7007BAEA9 /* HomeView.swift */,
				CAEEE2482B852B30007BAEA9 /* LoadingView.swift */,
				CAEEE24A2B852B36007BAEA9 /* VerificationView.swift */,
				CAEEE24C2B852B44007BAEA9 /* SettingsView.swift */,
				CAEEE20E2B7BF55F007BAEA9 /* ContentView.swift */,
				CAEEE2292B7BF744007BAEA9 /* ClearButton.swift */,
				CAEEE22B2B7C2794007BAEA9 /* StoreSelectionView.swift */,
				CAEEE22D2B7C27AB007BAEA9 /* PackageSelectionView.swift */,
				CAEEE22F2B7C27BC007BAEA9 /* FinalStepView.swift */,
				CAEEE2312B7C2B4C007BAEA9 /* ImagePicker.swift */,
				CAEEE2332B7C3E44007BAEA9 /* OrderConfirmationView.swift */,
				CAEEE24E2B852B50007BAEA9 /* CustomTextField.swift */,
				CAEEE2502B852B56007BAEA9 /* CustomTextfield2.swift */,
			);
			path = View;
			sourceTree = "<group>";
		};
		CAEEE21B2B7BF56F007BAEA9 /* Model */ = {
			isa = PBXGroup;
			children = (
				CAEEE2392B852A96007BAEA9 /* UserModel.swift */,
				CAEEE2232B7BF6E7007BAEA9 /* ContentViewModel.swift */,
				CAEEE2352B7D7D8B007BAEA9 /* OrderDetails.swift */,
			);
			path = Model;
			sourceTree = "<group>";
		};
		CAEEE21C2B7BF57C007BAEA9 /* App */ = {
			isa = PBXGroup;
			children = (
				CAEEE20C2B7BF55F007BAEA9 /* DashDropApp.swift */,
			);
			path = App;
			sourceTree = "<group>";
		};
/* End PBXGroup section */

/* Begin PBXNativeTarget section */
		CAEEE2082B7BF55F007BAEA9 /* DashDrop */ = {
			isa = PBXNativeTarget;
			buildConfigurationList = CAEEE2172B7BF560007BAEA9 /* Build configuration list for PBXNativeTarget "DashDrop" */;
			buildPhases = (
				CAEEE2052B7BF55F007BAEA9 /* Sources */,
				CAEEE2062B7BF55F007BAEA9 /* Frameworks */,
				CAEEE2072B7BF55F007BAEA9 /* Resources */,
			);
			buildRules = (
			);
			dependencies = (
			);
			name = DashDrop;
			packageProductDependencies = (
				CAEEE23C2B852AD5007BAEA9 /* PhoneNumberKit */,
				CAEEE23E2B852AD5007BAEA9 /* PhoneNumberKit-Dynamic */,
				CAEEE2402B852AD5007BAEA9 /* PhoneNumberKit-Static */,
			);
			productName = DashDrop;
			productReference = CAEEE2092B7BF55F007BAEA9 /* DashDrop.app */;
			productType = "com.apple.product-type.application";
		};
/* End PBXNativeTarget section */

/* Begin PBXProject section */
		CAEEE2012B7BF55F007BAEA9 /* Project object */ = {
			isa = PBXProject;
			attributes = {
				BuildIndependentTargetsInParallel = 1;
				LastSwiftUpdateCheck = 1520;
				LastUpgradeCheck = 1520;
				TargetAttributes = {
					CAEEE2082B7BF55F007BAEA9 = {
						CreatedOnToolsVersion = 15.2;
					};
				};
			};
			buildConfigurationList = CAEEE2042B7BF55F007BAEA9 /* Build configuration list for PBXProject "DashDrop" */;
			compatibilityVersion = "Xcode 14.0";
			developmentRegion = en;
			hasScannedForEncodings = 0;
			knownRegions = (
				en,
				Base,
			);
			mainGroup = CAEEE2002B7BF55F007BAEA9;
			packageReferences = (
				CAEEE23B2B852AD5007BAEA9 /* XCRemoteSwiftPackageReference "PhoneNumberKit" */,
			);
			productRefGroup = CAEEE20A2B7BF55F007BAEA9 /* Products */;
			projectDirPath = "";
			projectRoot = "";
			targets = (
				CAEEE2082B7BF55F007BAEA9 /* DashDrop */,
			);
		};
/* End PBXProject section */

/* Begin PBXResourcesBuildPhase section */
		CAEEE2072B7BF55F007BAEA9 /* Resources */ = {
			isa = PBXResourcesBuildPhase;
			buildActionMask = 2147483647;
			files = (
				CAEEE2142B7BF560007BAEA9 /* Preview Assets.xcassets in Resources */,
				CAEEE2112B7BF560007BAEA9 /* Assets.xcassets in Resources */,
			);
			runOnlyForDeploymentPostprocessing = 0;
		};
/* End PBXResourcesBuildPhase section */

/* Begin PBXSourcesBuildPhase section */
		CAEEE2052B7BF55F007BAEA9 /* Sources */ = {
			isa = PBXSourcesBuildPhase;
			buildActionMask = 2147483647;
			files = (
				CAEEE2322B7C2B4C007BAEA9 /* ImagePicker.swift in Sources */,
				CAEEE2342B7C3E44007BAEA9 /* OrderConfirmationView.swift in Sources */,
				CAEEE22C2B7C2794007BAEA9 /* StoreSelectionView.swift in Sources */,
				CAEEE24D2B852B44007BAEA9 /* SettingsView.swift in Sources */,
				CAEEE20F2B7BF55F007BAEA9 /* ContentView.swift in Sources */,
				CAEEE24F2B852B50007BAEA9 /* CustomTextField.swift in Sources */,
				CAEEE2242B7BF6E7007BAEA9 /* ContentViewModel.swift in Sources */,
				CAEEE2492B852B30007BAEA9 /* LoadingView.swift in Sources */,
				CAEEE20D2B7BF55F007BAEA9 /* DashDropApp.swift in Sources */,
				CAEEE2532B852B61007BAEA9 /* Api (4).swift in Sources */,
				CAEEE2302B7C27BC007BAEA9 /* FinalStepView.swift in Sources */,
				CAEEE2362B7D7D8B007BAEA9 /* OrderDetails.swift in Sources */,
				CAEEE22A2B7BF744007BAEA9 /* ClearButton.swift in Sources */,
				CAEEE2452B852AF1007BAEA9 /* LaunchScreenView.swift in Sources */,
				CAEEE2382B835EF7007BAEA9 /* HomeView.swift in Sources */,
				CAEEE24B2B852B36007BAEA9 /* VerificationView.swift in Sources */,
				CAEEE2512B852B56007BAEA9 /* CustomTextfield2.swift in Sources */,
				CAEEE2432B852AEA007BAEA9 /* LoginView.swift in Sources */,
				CAEEE23A2B852A96007BAEA9 /* UserModel.swift in Sources */,
				CAEEE2472B852AF7007BAEA9 /* LaunchScreenManager.swift in Sources */,
				CAEEE22E2B7C27AB007BAEA9 /* PackageSelectionView.swift in Sources */,
			);
			runOnlyForDeploymentPostprocessing = 0;
		};
/* End PBXSourcesBuildPhase section */

/* Begin XCBuildConfiguration section */
		CAEEE2152B7BF560007BAEA9 /* Debug */ = {
			isa = XCBuildConfiguration;
			buildSettings = {
				ALWAYS_SEARCH_USER_PATHS = NO;
				ASSETCATALOG_COMPILER_GENERATE_SWIFT_ASSET_SYMBOL_EXTENSIONS = YES;
				CLANG_ANALYZER_NONNULL = YES;
				CLANG_ANALYZER_NUMBER_OBJECT_CONVERSION = YES_AGGRESSIVE;
				CLANG_CXX_LANGUAGE_STANDARD = "gnu++20";
				CLANG_ENABLE_MODULES = YES;
				CLANG_ENABLE_OBJC_ARC = YES;
				CLANG_ENABLE_OBJC_WEAK = YES;
				CLANG_WARN_BLOCK_CAPTURE_AUTORELEASING = YES;
				CLANG_WARN_BOOL_CONVERSION = YES;
				CLANG_WARN_COMMA = YES;
				CLANG_WARN_CONSTANT_CONVERSION = YES;
				CLANG_WARN_DEPRECATED_OBJC_IMPLEMENTATIONS = YES;
				CLANG_WARN_DIRECT_OBJC_ISA_USAGE = YES_ERROR;
				CLANG_WARN_DOCUMENTATION_COMMENTS = YES;
				CLANG_WARN_EMPTY_BODY = YES;
				CLANG_WARN_ENUM_CONVERSION = YES;
				CLANG_WARN_INFINITE_RECURSION = YES;
				CLANG_WARN_INT_CONVERSION = YES;
				CLANG_WARN_NON_LITERAL_NULL_CONVERSION = YES;
				CLANG_WARN_OBJC_IMPLICIT_RETAIN_SELF = YES;
				CLANG_WARN_OBJC_LITERAL_CONVERSION = YES;
				CLANG_WARN_OBJC_ROOT_CLASS = YES_ERROR;
				CLANG_WARN_QUOTED_INCLUDE_IN_FRAMEWORK_HEADER = YES;
				CLANG_WARN_RANGE_LOOP_ANALYSIS = YES;
				CLANG_WARN_STRICT_PROTOTYPES = YES;
				CLANG_WARN_SUSPICIOUS_MOVE = YES;
				CLANG_WARN_UNGUARDED_AVAILABILITY = YES_AGGRESSIVE;
				CLANG_WARN_UNREACHABLE_CODE = YES;
				CLANG_WARN__DUPLICATE_METHOD_MATCH = YES;
				COPY_PHASE_STRIP = NO;
				DEBUG_INFORMATION_FORMAT = dwarf;
				ENABLE_STRICT_OBJC_MSGSEND = YES;
				ENABLE_TESTABILITY = YES;
				ENABLE_USER_SCRIPT_SANDBOXING = YES;
				GCC_C_LANGUAGE_STANDARD = gnu17;
				GCC_DYNAMIC_NO_PIC = NO;
				GCC_NO_COMMON_BLOCKS = YES;
				GCC_OPTIMIZATION_LEVEL = 0;
				GCC_PREPROCESSOR_DEFINITIONS = (
					"DEBUG=1",
					"$(inherited)",
				);
				GCC_WARN_64_TO_32_BIT_CONVERSION = YES;
				GCC_WARN_ABOUT_RETURN_TYPE = YES_ERROR;
				GCC_WARN_UNDECLARED_SELECTOR = YES;
				GCC_WARN_UNINITIALIZED_AUTOS = YES_AGGRESSIVE;
				GCC_WARN_UNUSED_FUNCTION = YES;
				GCC_WARN_UNUSED_VARIABLE = YES;
				IPHONEOS_DEPLOYMENT_TARGET = 17.2;
				LOCALIZATION_PREFERS_STRING_CATALOGS = YES;
				MTL_ENABLE_DEBUG_INFO = INCLUDE_SOURCE;
				MTL_FAST_MATH = YES;
				ONLY_ACTIVE_ARCH = YES;
				SDKROOT = iphoneos;
				SWIFT_ACTIVE_COMPILATION_CONDITIONS = "DEBUG $(inherited)";
				SWIFT_OPTIMIZATION_LEVEL = "-Onone";
			};
			name = Debug;
		};
		CAEEE2162B7BF560007BAEA9 /* Release */ = {
			isa = XCBuildConfiguration;
			buildSettings = {
				ALWAYS_SEARCH_USER_PATHS = NO;
				ASSETCATALOG_COMPILER_GENERATE_SWIFT_ASSET_SYMBOL_EXTENSIONS = YES;
				CLANG_ANALYZER_NONNULL = YES;
				CLANG_ANALYZER_NUMBER_OBJECT_CONVERSION = YES_AGGRESSIVE;
				CLANG_CXX_LANGUAGE_STANDARD = "gnu++20";
				CLANG_ENABLE_MODULES = YES;
				CLANG_ENABLE_OBJC_ARC = YES;
				CLANG_ENABLE_OBJC_WEAK = YES;
				CLANG_WARN_BLOCK_CAPTURE_AUTORELEASING = YES;
				CLANG_WARN_BOOL_CONVERSION = YES;
				CLANG_WARN_COMMA = YES;
				CLANG_WARN_CONSTANT_CONVERSION = YES;
				CLANG_WARN_DEPRECATED_OBJC_IMPLEMENTATIONS = YES;
				CLANG_WARN_DIRECT_OBJC_ISA_USAGE = YES_ERROR;
				CLANG_WARN_DOCUMENTATION_COMMENTS = YES;
				CLANG_WARN_EMPTY_BODY = YES;
				CLANG_WARN_ENUM_CONVERSION = YES;
				CLANG_WARN_INFINITE_RECURSION = YES;
				CLANG_WARN_INT_CONVERSION = YES;
				CLANG_WARN_NON_LITERAL_NULL_CONVERSION = YES;
				CLANG_WARN_OBJC_IMPLICIT_RETAIN_SELF = YES;
				CLANG_WARN_OBJC_LITERAL_CONVERSION = YES;
				CLANG_WARN_OBJC_ROOT_CLASS = YES_ERROR;
				CLANG_WARN_QUOTED_INCLUDE_IN_FRAMEWORK_HEADER = YES;
				CLANG_WARN_RANGE_LOOP_ANALYSIS = YES;
				CLANG_WARN_STRICT_PROTOTYPES = YES;
				CLANG_WARN_SUSPICIOUS_MOVE = YES;
				CLANG_WARN_UNGUARDED_AVAILABILITY = YES_AGGRESSIVE;
				CLANG_WARN_UNREACHABLE_CODE = YES;
				CLANG_WARN__DUPLICATE_METHOD_MATCH = YES;
				COPY_PHASE_STRIP = NO;
				DEBUG_INFORMATION_FORMAT = "dwarf-with-dsym";
				ENABLE_NS_ASSERTIONS = NO;
				ENABLE_STRICT_OBJC_MSGSEND = YES;
				ENABLE_USER_SCRIPT_SANDBOXING = YES;
				GCC_C_LANGUAGE_STANDARD = gnu17;
				GCC_NO_COMMON_BLOCKS = YES;
				GCC_WARN_64_TO_32_BIT_CONVERSION = YES;
				GCC_WARN_ABOUT_RETURN_TYPE = YES_ERROR;
				GCC_WARN_UNDECLARED_SELECTOR = YES;
				GCC_WARN_UNINITIALIZED_AUTOS = YES_AGGRESSIVE;
				GCC_WARN_UNUSED_FUNCTION = YES;
				GCC_WARN_UNUSED_VARIABLE = YES;
				IPHONEOS_DEPLOYMENT_TARGET = 17.2;
				LOCALIZATION_PREFERS_STRING_CATALOGS = YES;
				MTL_ENABLE_DEBUG_INFO = NO;
				MTL_FAST_MATH = YES;
				SDKROOT = iphoneos;
				SWIFT_COMPILATION_MODE = wholemodule;
				VALIDATE_PRODUCT = YES;
			};
			name = Release;
		};
		CAEEE2182B7BF560007BAEA9 /* Debug */ = {
			isa = XCBuildConfiguration;
			buildSettings = {
				ASSETCATALOG_COMPILER_APPICON_NAME = AppIcon;
				ASSETCATALOG_COMPILER_GLOBAL_ACCENT_COLOR_NAME = AccentColor;
				CODE_SIGN_STYLE = Automatic;
				CURRENT_PROJECT_VERSION = 1;
				DEVELOPMENT_ASSET_PATHS = "\"DashDrop/Preview Content\"";
				ENABLE_PREVIEWS = YES;
				GENERATE_INFOPLIST_FILE = YES;
				INFOPLIST_KEY_UIApplicationSceneManifest_Generation = YES;
				INFOPLIST_KEY_UIApplicationSupportsIndirectInputEvents = YES;
				INFOPLIST_KEY_UILaunchScreen_Generation = YES;
				INFOPLIST_KEY_UISupportedInterfaceOrientations_iPad = "UIInterfaceOrientationPortrait UIInterfaceOrientationPortraitUpsideDown UIInterfaceOrientationLandscapeLeft UIInterfaceOrientationLandscapeRight";
				INFOPLIST_KEY_UISupportedInterfaceOrientations_iPhone = "UIInterfaceOrientationPortrait UIInterfaceOrientationLandscapeLeft UIInterfaceOrientationLandscapeRight";
				LD_RUNPATH_SEARCH_PATHS = (
					"$(inherited)",
					"@executable_path/Frameworks",
				);
				MARKETING_VERSION = 1.0;
				PRODUCT_BUNDLE_IDENTIFIER = "C--.DashDrop";
				PRODUCT_NAME = "$(TARGET_NAME)";
				SWIFT_EMIT_LOC_STRINGS = YES;
				SWIFT_VERSION = 5.0;
				TARGETED_DEVICE_FAMILY = "1,2";
			};
			name = Debug;
		};
		CAEEE2192B7BF560007BAEA9 /* Release */ = {
			isa = XCBuildConfiguration;
			buildSettings = {
				ASSETCATALOG_COMPILER_APPICON_NAME = AppIcon;
				ASSETCATALOG_COMPILER_GLOBAL_ACCENT_COLOR_NAME = AccentColor;
				CODE_SIGN_STYLE = Automatic;
				CURRENT_PROJECT_VERSION = 1;
				DEVELOPMENT_ASSET_PATHS = "\"DashDrop/Preview Content\"";
				ENABLE_PREVIEWS = YES;
				GENERATE_INFOPLIST_FILE = YES;
				INFOPLIST_KEY_UIApplicationSceneManifest_Generation = YES;
				INFOPLIST_KEY_UIApplicationSupportsIndirectInputEvents = YES;
				INFOPLIST_KEY_UILaunchScreen_Generation = YES;
				INFOPLIST_KEY_UISupportedInterfaceOrientations_iPad = "UIInterfaceOrientationPortrait UIInterfaceOrientationPortraitUpsideDown UIInterfaceOrientationLandscapeLeft UIInterfaceOrientationLandscapeRight";
				INFOPLIST_KEY_UISupportedInterfaceOrientations_iPhone = "UIInterfaceOrientationPortrait UIInterfaceOrientationLandscapeLeft UIInterfaceOrientationLandscapeRight";
				LD_RUNPATH_SEARCH_PATHS = (
					"$(inherited)",
					"@executable_path/Frameworks",
				);
				MARKETING_VERSION = 1.0;
				PRODUCT_BUNDLE_IDENTIFIER = "C--.DashDrop";
				PRODUCT_NAME = "$(TARGET_NAME)";
				SWIFT_EMIT_LOC_STRINGS = YES;
				SWIFT_VERSION = 5.0;
				TARGETED_DEVICE_FAMILY = "1,2";
			};
			name = Release;
		};
/* End XCBuildConfiguration section */

/* Begin XCConfigurationList section */
		CAEEE2042B7BF55F007BAEA9 /* Build configuration list for PBXProject "DashDrop" */ = {
			isa = XCConfigurationList;
			buildConfigurations = (
				CAEEE2152B7BF560007BAEA9 /* Debug */,
				CAEEE2162B7BF560007BAEA9 /* Release */,
			);
			defaultConfigurationIsVisible = 0;
			defaultConfigurationName = Release;
		};
		CAEEE2172B7BF560007BAEA9 /* Build configuration list for PBXNativeTarget "DashDrop" */ = {
			isa = XCConfigurationList;
			buildConfigurations = (
				CAEEE2182B7BF560007BAEA9 /* Debug */,
				CAEEE2192B7BF560007BAEA9 /* Release */,
			);
			defaultConfigurationIsVisible = 0;
			defaultConfigurationName = Release;
		};
/* End XCConfigurationList section */

/* Begin XCRemoteSwiftPackageReference section */
		CAEEE23B2B852AD5007BAEA9 /* XCRemoteSwiftPackageReference "PhoneNumberKit" */ = {
			isa = XCRemoteSwiftPackageReference;
			repositoryURL = "https://github.com/marmelroy/PhoneNumberKit.git";
			requirement = {
				kind = upToNextMajorVersion;
				minimumVersion = 3.7.8;
			};
		};
/* End XCRemoteSwiftPackageReference section */

/* Begin XCSwiftPackageProductDependency section */
		CAEEE23C2B852AD5007BAEA9 /* PhoneNumberKit */ = {
			isa = XCSwiftPackageProductDependency;
			package = CAEEE23B2B852AD5007BAEA9 /* XCRemoteSwiftPackageReference "PhoneNumberKit" */;
			productName = PhoneNumberKit;
		};
		CAEEE23E2B852AD5007BAEA9 /* PhoneNumberKit-Dynamic */ = {
			isa = XCSwiftPackageProductDependency;
			package = CAEEE23B2B852AD5007BAEA9 /* XCRemoteSwiftPackageReference "PhoneNumberKit" */;
			productName = "PhoneNumberKit-Dynamic";
		};
		CAEEE2402B852AD5007BAEA9 /* PhoneNumberKit-Static */ = {
			isa = XCSwiftPackageProductDependency;
			package = CAEEE23B2B852AD5007BAEA9 /* XCRemoteSwiftPackageReference "PhoneNumberKit" */;
			productName = "PhoneNumberKit-Static";
		};
/* End XCSwiftPackageProductDependency section */
	};
	rootObject = CAEEE2012B7BF55F007BAEA9 /* Project object */;
}
